
Microsoft Visual Studio Solution File, Format Version 12.00
# Visual Studio Version 17
VisualStudioVersion = 17.13.35806.99 d17.13
MinimumVisualStudioVersion = 10.0.40219.1
Project("{FAE04EC0-301F-11D3-BF4B-00C04F79EFBC}") = "F1", "F1\F1.csproj", "{EC1F47C8-3134-4CCA-81ED-BF5873E541E9}"
EndProject
Global
	GlobalSection(SolutionConfigurationPlatforms) = preSolution
		Debug|Any CPU = Debug|Any CPU
		Release|Any CPU = Release|Any CPU
	EndGlobalSection
	GlobalSection(ProjectConfigurationPlatforms) = postSolution
		{EC1F47C8-3134-4CCA-81ED-BF5873E541E9}.Debug|Any CPU.ActiveCfg = Debug|Any CPU
		{EC1F47C8-3134-4CCA-81ED-BF5873E541E9}.Debug|Any CPU.Build.0 = Debug|Any CPU
		{EC1F47C8-3134-4CCA-81ED-BF5873E541E9}.Release|Any CPU.ActiveCfg = Release|Any CPU
		{EC1F47C8-3134-4CCA-81ED-BF5873E541E9}.Release|Any CPU.Build.0 = Release|Any CPU
	EndGlobalSection
	GlobalSection(SolutionProperties) = preSolution
		HideSolutionNode = FALSE
	EndGlobalSection
	GlobalSection(ExtensibilityGlobals) = postSolution
		SolutionGuid = {648490CA-E997-4978-945C-A699D30D852D}
	EndGlobalSection
EndGlobal
