
Microsoft Visual Studio Solution File, Format Version 12.00
# Visual Studio Version 17
VisualStudioVersion = 17.14.36203.30
MinimumVisualStudioVersion = 10.0.40219.1
Project("{FAE04EC0-301F-11D3-BF4B-00C04F79EFBC}") = "Les 1 - Variabelen, input en output", "Les 1 - Variabelen, input en output\Les 1 - Variabelen, input en output.csproj", "{10AD0875-81FC-4EAC-A37D-F8360C7D07BB}"
EndProject
Project("{2150E333-8FDC-42A3-9474-1A3956D46DE8}") = "Lessen", "Lessen", "{02EA681E-C7D8-13C7-8484-4AC65E1B71E8}"
EndProject
Project("{2150E333-8FDC-42A3-9474-1A3956D46DE8}") = "Oefeningen", "Oefeningen", "{14DF49CB-A054-4B4F-A227-8E61E4DEB519}"
EndProject
Project("{2150E333-8FDC-42A3-9474-1A3956D46DE8}") = "www", "www", "{A2BBC5B3-676B-497F-B9ED-F34585D76D74}"
EndProject
Project("{2150E333-8FDC-42A3-9474-1A3956D46DE8}") = "1. Variabelen, input, output", "1. Variabelen, input, output", "{1EE5079A-AD65-4537-AB05-9EC33855F59E}"
EndProject
Project("{FAE04EC0-301F-11D3-BF4B-00C04F79EFBC}") = "Oefening1A", "Oefening1A\Oefening1A.csproj", "{C0CA3697-CF84-4E02-9F87-2292252E0E8C}"
EndProject
Project("{FAE04EC0-301F-11D3-BF4B-00C04F79EFBC}") = "TestOefening1A", "TestOefening1A\TestOefening1A.csproj", "{E310730E-804B-43F6-9C9D-0E6D00745F6C}"
EndProject
Project("{FAE04EC0-301F-11D3-BF4B-00C04F79EFBC}") = "TestHelper", "TestHelper\TestHelper.csproj", "{B09F2451-DECA-45AD-85E0-A09BB8D670C1}"
EndProject
Project("{FAE04EC0-301F-11D3-BF4B-00C04F79EFBC}") = "Oplossing1A", "Oplossing1A\Oplossing1A.csproj", "{1AA6EAE5-DB63-4372-BC95-4CD0BD141C99}"
EndProject
Project("{FAE04EC0-301F-11D3-BF4B-00C04F79EFBC}") = "Oefening1B", "Oefening1B\Oefening1B.csproj", "{911553A3-D085-4C8C-AF0D-88D1E3181480}"
EndProject
Project("{FAE04EC0-301F-11D3-BF4B-00C04F79EFBC}") = "Oefening1C", "Oefening1C\Oefening1C.csproj", "{F30D859F-6381-4B58-BF9C-2FF923B701BF}"
EndProject
Project("{FAE04EC0-301F-11D3-BF4B-00C04F79EFBC}") = "Oefening1D", "Oefening1D\Oefening1D.csproj", "{DB776026-C975-446E-8D4A-7ED74E192AF0}"
EndProject
Project("{FAE04EC0-301F-11D3-BF4B-00C04F79EFBC}") = "Oefening1E", "Oefening1E\Oefening1E.csproj", "{03B46844-C0ED-4C5D-B1E9-9BFD9B85DAF8}"
EndProject
Project("{FAE04EC0-301F-11D3-BF4B-00C04F79EFBC}") = "Oefening1F", "Oefening1F\Oefening1F.csproj", "{B1C4AD95-9336-4152-B5A2-8FAC30529128}"
EndProject
Project("{FAE04EC0-301F-11D3-BF4B-00C04F79EFBC}") = "Oefening1G", "Oefening1G\Oefening1G.csproj", "{A811372B-EA9C-43B5-93AC-817638C38A27}"
EndProject
Project("{2150E333-8FDC-42A3-9474-1A3956D46DE8}") = "2. Integer en float", "2. Integer en float", "{C8330FA7-5039-4A21-8F94-988DB1C14083}"
EndProject
Project("{FAE04EC0-301F-11D3-BF4B-00C04F79EFBC}") = "Oefening2A", "Oefening2A\Oefening2A.csproj", "{C6D02B10-8705-4E0B-825D-35DD9E6713D0}"
EndProject
Project("{FAE04EC0-301F-11D3-BF4B-00C04F79EFBC}") = "Les 2 - Integers", "Les 2 - Integers\Les 2 - Integers.csproj", "{CE982DA3-403C-4202-8740-6423C4BDB876}"
EndProject
Project("{FAE04EC0-301F-11D3-BF4B-00C04F79EFBC}") = "Oplossing1B", "Oplossing 1B\Oplossing1B.csproj", "{2580DD4D-2D5B-45C9-BEE9-39EA672878BA}"
EndProject
Project("{FAE04EC0-301F-11D3-BF4B-00C04F79EFBC}") = "Oplossing1C", "Oplossing 1C\Oplossing1C.csproj", "{434AB344-9752-494D-BE96-5E2491B2C102}"
EndProject
Project("{FAE04EC0-301F-11D3-BF4B-00C04F79EFBC}") = "Oplossing1D", "Oplossing1D\Oplossing1D.csproj", "{F51337F7-0519-43C5-A84E-87D8C5A83373}"
EndProject
Project("{2150E333-8FDC-42A3-9474-1A3956D46DE8}") = "Herhalingen", "Herhalingen", "{B80C27B0-3275-4875-95B2-731D87C5A4A0}"
EndProject
Project("{2150E333-8FDC-42A3-9474-1A3956D46DE8}") = "Examen 2 5ICW - 2024-2025", "Examen 2 5ICW - 2024-2025", "{4A13738A-E2FB-4AB5-A2DB-4F0DA294533C}"
EndProject
Project("{FAE04EC0-301F-11D3-BF4B-00C04F79EFBC}") = "Examen 2 5ICW - 24-25 - Opgave", "Examen 2 5ICW - 24-25 - Opgave\Examen 2 5ICW - 24-25 - Opgave.csproj", "{EF41C57D-EDC8-48B4-A145-5015B85E143F}"
EndProject
Project("{FAE04EC0-301F-11D3-BF4B-00C04F79EFBC}") = "Examen 2 5ICW - 2045-2025 - Oefening 1", "Examen 2 5ICW - 2045-2025 - Oefening 1\Examen 2 5ICW - 2045-2025 - Oefening 1.csproj", "{F61BA0EA-ED47-4D23-BA2C-60D2F701B7FF}"
EndProject
Project("{FAE04EC0-301F-11D3-BF4B-00C04F79EFBC}") = "Herhaling examen 2 5ICW - 2045-2025 - Oefening 1", "Herhaling examen 2 5ICW - 2045-2025 - Oefening 1\Herhaling examen 2 5ICW - 2045-2025 - Oefening 1.csproj", "{DC304A25-597E-405D-8D66-8C8E0FF0DC51}"
EndProject
Project("{2150E333-8FDC-42A3-9474-1A3956D46DE8}") = "Oefening 1A", "Oefening 1A", "{93F26373-5A5A-490B-BA78-601DAE1F4A1A}"
EndProject
Project("{2150E333-8FDC-42A3-9474-1A3956D46DE8}") = "Oefening 1B", "Oefening 1B", "{8573327E-2954-48ED-B1E0-2F19FD61B8B8}"
EndProject
Project("{2150E333-8FDC-42A3-9474-1A3956D46DE8}") = "Oefening 1C", "Oefening 1C", "{0CD67F2B-5D0F-475B-882C-2FD8C4EF3AD6}"
EndProject
Project("{2150E333-8FDC-42A3-9474-1A3956D46DE8}") = "Oefening 1D", "Oefening 1D", "{D7B5C1A8-0179-4C69-B954-2225417FAF0F}"
EndProject
Project("{2150E333-8FDC-42A3-9474-1A3956D46DE8}") = "Oefening 1E", "Oefening 1E", "{4B9A7945-20BF-4237-84B7-12CA06256DA9}"
EndProject
Project("{2150E333-8FDC-42A3-9474-1A3956D46DE8}") = "Oefening 1F", "Oefening 1F", "{82FA5B75-7A18-4800-AD14-CF49907FE12A}"
EndProject
Project("{2150E333-8FDC-42A3-9474-1A3956D46DE8}") = "Oefening 1G", "Oefening 1G", "{561F84CC-F05E-4F7C-B861-C2B7F6849330}"
EndProject
Project("{2150E333-8FDC-42A3-9474-1A3956D46DE8}") = "Oefeningen", "Oefeningen", "{CB29DC03-C1AC-4377-AC51-43451BB01E97}"
EndProject
Project("{2150E333-8FDC-42A3-9474-1A3956D46DE8}") = "Oplossingen", "Oplossingen", "{7A99F4E2-0720-4105-9DFA-28D2349E91B8}"
EndProject
Project("{FAE04EC0-301F-11D3-BF4B-00C04F79EFBC}") = "TestOefening1B", "TestOefening1B\TestOefening1B.csproj", "{06440DFB-CC99-4774-BA1B-3C8A658113E7}"
EndProject
Project("{FAE04EC0-301F-11D3-BF4B-00C04F79EFBC}") = "TestOefening1C", "TestOefening1C\TestOefening1C.csproj", "{A1F0B234-0E85-4F08-A06F-3ECAB4C9E73E}"
EndProject
Project("{FAE04EC0-301F-11D3-BF4B-00C04F79EFBC}") = "TestOefening1D", "TestOefening1D\TestOefening1D.csproj", "{DEDA409A-BC27-4A91-AC09-22A34872628E}"
EndProject
Project("{FAE04EC0-301F-11D3-BF4B-00C04F79EFBC}") = "TestOefening1E", "TestOefening1E\TestOefening1E.csproj", "{2C370575-9FAE-4CF1-BE92-858F844C1F00}"
EndProject
Project("{FAE04EC0-301F-11D3-BF4B-00C04F79EFBC}") = "Oplossing1E", "Oplossing1E\Oplossing1E.csproj", "{AF740E6A-1D86-4657-8D73-D3FEB0F2854B}"
EndProject
Project("{FAE04EC0-301F-11D3-BF4B-00C04F79EFBC}") = "TestOefening1F", "TestOefening1F\TestOefening1F.csproj", "{35E542E6-992E-4415-B806-9B9389743FAD}"
EndProject
Project("{FAE04EC0-301F-11D3-BF4B-00C04F79EFBC}") = "Oplossing1F", "Oplossingen1F\Oplossing1F.csproj", "{71459B00-1BE3-4A37-8CA9-F7AF55347460}"
EndProject
Project("{FAE04EC0-301F-11D3-BF4B-00C04F79EFBC}") = "Oplossing1G", "Oplossing1G\Oplossing1G.csproj", "{257E87F5-0B1F-4B4E-AC31-083A6F440D92}"
EndProject
Project("{FAE04EC0-301F-11D3-BF4B-00C04F79EFBC}") = "Herhaling examen 2 5ICW - 2024-2025 - Oefening 2", "Herhaling examen 2 5ICW - 2024-2025 - Oefening 2\Herhaling examen 2 5ICW - 2024-2025 - Oefening 2.csproj", "{BD998F62-B268-4BCC-B1D7-9672948C00CF}"
EndProject
Project("{FAE04EC0-301F-11D3-BF4B-00C04F79EFBC}") = "TestOefening2A", "TestOefening2A\TestOefening2A.csproj", "{40A6D971-06EF-4C47-B3F3-3B71FA85B97A}"
EndProject
Project("{2150E333-8FDC-42A3-9474-1A3956D46DE8}") = "Oefening 2A", "Oefening 2A", "{7DEEB9D1-EA8E-4EE6-8EEA-9D3CDFFF7341}"
EndProject
Project("{FAE04EC0-301F-11D3-BF4B-00C04F79EFBC}") = "Oplossing2A", "Oplossing2A\Oplossing2A.csproj", "{43FA6C70-6154-4786-946D-423F4F312A43}"
EndProject
Project("{FAE04EC0-301F-11D3-BF4B-00C04F79EFBC}") = "TestOefening1G", "TestOefening1G\TestOefening1G.csproj", "{6231E052-A031-44F5-B891-6ECA8812D2E2}"
EndProject
Project("{2150E333-8FDC-42A3-9474-1A3956D46DE8}") = "Oefening 2B1", "Oefening 2B1", "{3D7E3A68-F259-401E-AEF7-D9373A291147}"
EndProject
Project("{FAE04EC0-301F-11D3-BF4B-00C04F79EFBC}") = "Oefening2B1", "Oefening2B1\Oefening2B1.csproj", "{127C2D8A-1F56-4CDB-A3CF-9BFD6B88D32D}"
EndProject
Project("{FAE04EC0-301F-11D3-BF4B-00C04F79EFBC}") = "Oplossing2B1", "Oplossing2B1\Oplossing2B1.csproj", "{B2B8FDB3-6D4F-4660-BDF8-5B608FAF0F1A}"
EndProject
Project("{FAE04EC0-301F-11D3-BF4B-00C04F79EFBC}") = "TestOefening2B1", "TestOefening2B1\TestOefening2B1.csproj", "{FB85AFDE-A178-4250-B574-BF0993AAE96B}"
EndProject
Project("{2150E333-8FDC-42A3-9474-1A3956D46DE8}") = "Oefening 2B", "Oefening 2B", "{18852B8A-EC4B-49AF-A012-9AEAF7C28AFE}"
EndProject
Project("{2150E333-8FDC-42A3-9474-1A3956D46DE8}") = "Oefening 2B2", "Oefening 2B2", "{B7792C84-3E68-4474-9540-E6E169F897EA}"
EndProject
Project("{FAE04EC0-301F-11D3-BF4B-00C04F79EFBC}") = "Oefening2B2", "Oefening2B2\Oefening2B2.csproj", "{ABFF2EE9-5CED-40AA-AC5F-F998AC5D84FD}"
EndProject
Project("{FAE04EC0-301F-11D3-BF4B-00C04F79EFBC}") = "Oplossing2B2", "Oplossing2B2\Oplossing2B2.csproj", "{B1B38CCD-F2C9-4786-B7BB-8CB96833125A}"
EndProject
Project("{FAE04EC0-301F-11D3-BF4B-00C04F79EFBC}") = "TestOefening2B2", "TestOefening2B2\TestOefening2B2.csproj", "{A6ADF344-9276-4150-A363-C0293DD436C4}"
EndProject
Project("{2150E333-8FDC-42A3-9474-1A3956D46DE8}") = "Oefening 2B3", "Oefening 2B3", "{E111F9EB-2C35-4555-9BA8-33B90E0FCB61}"
EndProject
Project("{FAE04EC0-301F-11D3-BF4B-00C04F79EFBC}") = "Oefening2B3", "Oefening2B3\Oefening2B3.csproj", "{5908BC73-40E7-43A7-A128-6A8E1CD90E29}"
EndProject
Project("{FAE04EC0-301F-11D3-BF4B-00C04F79EFBC}") = "Oplossing2B3", "Oplossing2B3\Oplossing2B3.csproj", "{79586FB4-F22E-4F0E-AC38-66D7DC480BFA}"
EndProject
Project("{FAE04EC0-301F-11D3-BF4B-00C04F79EFBC}") = "TestOefening2B3", "TestOefening2B3\TestOefening2B3.csproj", "{31B80075-7244-4DBC-9ECD-E94A0DDA6A9B}"
EndProject
Project("{2150E333-8FDC-42A3-9474-1A3956D46DE8}") = "Oefening 2C", "Oefening 2C", "{D312A073-B0E8-4DFE-8118-179DCD7082CC}"
EndProject
Project("{FAE04EC0-301F-11D3-BF4B-00C04F79EFBC}") = "Oefening2C", "Oefening2C\Oefening2C.csproj", "{B8BF4C25-2F1D-40AD-83A2-5A85B97B1121}"
EndProject
Project("{FAE04EC0-301F-11D3-BF4B-00C04F79EFBC}") = "Oplossing2C", "Oplossing2C\Oplossing2C.csproj", "{10739EF5-600C-4288-B0B3-868248F33ADB}"
EndProject
Project("{FAE04EC0-301F-11D3-BF4B-00C04F79EFBC}") = "TestOefening2C", "TestOefening2C\TestOefening2C.csproj", "{B17848D5-C519-40B7-9CEF-F599ED668C80}"
EndProject
Project("{2150E333-8FDC-42A3-9474-1A3956D46DE8}") = "3. Array en list", "3. Array en list", "{FE600674-E441-4705-AB59-038E29A7A75E}"
EndProject
Project("{FAE04EC0-301F-11D3-BF4B-00C04F79EFBC}") = "Les 3 - Array en List", "Les 3\Les 3 - Array en List.csproj", "{3AC0ACD5-618D-4F3B-9150-4B763F4F2DA3}"
EndProject
Project("{2150E333-8FDC-42A3-9474-1A3956D46DE8}") = "Oefening 3A", "Oefening 3A", "{FC133762-ED05-4658-8B63-7C6E07886C67}"
EndProject
Project("{FAE04EC0-301F-11D3-BF4B-00C04F79EFBC}") = "Oefening3A", "Oefening3A\Oefening3A.csproj", "{B0E9F4DB-5169-4CDD-AE42-4668DB3BAB0B}"
EndProject
Project("{2150E333-8FDC-42A3-9474-1A3956D46DE8}") = "Oefening 3B", "Oefening 3B", "{8C2C3DD4-679E-435B-91EE-004F4CC9FF19}"
EndProject
Project("{FAE04EC0-301F-11D3-BF4B-00C04F79EFBC}") = "Oefening3B", "Oefening3B\Oefening3B.csproj", "{8DB22F4A-61C1-4632-B963-860E65E884C7}"
EndProject
Project("{FAE04EC0-301F-11D3-BF4B-00C04F79EFBC}") = "TestOefening3A", "TestOefening3A\TestOefening3A.csproj", "{FBD176DF-8DE5-407E-AA57-69BF1C1E2201}"
EndProject
Project("{FAE04EC0-301F-11D3-BF4B-00C04F79EFBC}") = "Oplossing3A", "Oplossing3A\Oplossing3A.csproj", "{C33B7136-C40B-4128-A0BB-6FFFB452C1B7}"
EndProject
Project("{FAE04EC0-301F-11D3-BF4B-00C04F79EFBC}") = "TestOefening3B", "TestOefening3B\TestOefening3B.csproj", "{8ABC603A-0346-4B1F-AC66-65C3000E570E}"
EndProject
Project("{FAE04EC0-301F-11D3-BF4B-00C04F79EFBC}") = "Oplossing3B", "Oplossing3B\Oplossing3B.csproj", "{E1B5ED4A-BA9B-4969-BE42-DAEF5C66B704}"
EndProject
Project("{2150E333-8FDC-42A3-9474-1A3956D46DE8}") = "Oefening 3C", "Oefening 3C", "{D7365CED-5E18-4315-BE63-D5015333D909}"
EndProject
Project("{FAE04EC0-301F-11D3-BF4B-00C04F79EFBC}") = "Oefening3C", "Oefening3C\Oefening3C.csproj", "{E55AC065-8AC8-47A1-9BDD-D531AEA36532}"
EndProject
Project("{FAE04EC0-301F-11D3-BF4B-00C04F79EFBC}") = "Oplossing3C", "Oplossing3C\Oplossing3C.csproj", "{6B105515-D55C-4A0E-9D41-CB90922D0D3E}"
EndProject
Project("{FAE04EC0-301F-11D3-BF4B-00C04F79EFBC}") = "TestOefening3C", "TestOefening3C\TestOefening3C.csproj", "{D42CCA75-3765-441E-A375-51D0512D74C2}"
EndProject
Project("{FAE04EC0-301F-11D3-BF4B-00C04F79EFBC}") = "Examen 2 5ICW - 2024-2025 - Oefening 2", "Examen 2 5ICW - 2024-2025 - Oefening 2\Examen 2 5ICW - 2024-2025 - Oefening 2.csproj", "{71BF0990-CABB-4B36-8E11-2FA3808C1B70}"
EndProject
Project("{2150E333-8FDC-42A3-9474-1A3956D46DE8}") = "Oefening 3D", "Oefening 3D", "{ED695977-D703-4F04-A4D2-F1C0EED2C825}"
EndProject
Project("{FAE04EC0-301F-11D3-BF4B-00C04F79EFBC}") = "Oefening3D", "Oefening3D\Oefening3D.csproj", "{CC08BB66-FFDC-4BE0-BF1A-FB1DB163244F}"
EndProject
Project("{FAE04EC0-301F-11D3-BF4B-00C04F79EFBC}") = "Oplossing3D", "Oplossing3D\Oplossing3D.csproj", "{9839C96A-2FAD-469C-9275-117D2B4C7D39}"
EndProject
Project("{FAE04EC0-301F-11D3-BF4B-00C04F79EFBC}") = "TestOefening3D", "TestOefening3D\TestOefening3D.csproj", "{F5E4937E-8461-46F3-8577-44A713BF29CF}"
EndProject
Project("{FAE04EC0-301F-11D3-BF4B-00C04F79EFBC}") = "Les 4 - String", "Les 4 - String\Les 4 - String.csproj", "{4219684C-6FAC-414C-B609-E2537E534D6D}"
EndProject
Project("{2150E333-8FDC-42A3-9474-1A3956D46DE8}") = "4. String", "4. String", "{7FDD3422-7C33-42C2-A6B3-CA195328681A}"
EndProject
Project("{2150E333-8FDC-42A3-9474-1A3956D46DE8}") = "Oefening 4A", "Oefening 4A", "{E1E3B535-07C8-4630-B5F8-9B2B88264364}"
EndProject
Project("{FAE04EC0-301F-11D3-BF4B-00C04F79EFBC}") = "Oefening4A", "Oefening4A\Oefening4A.csproj", "{23490D6C-BD28-4AD3-8AE7-59AD553928B5}"
EndProject
Project("{FAE04EC0-301F-11D3-BF4B-00C04F79EFBC}") = "Oplossing4A", "Oplossing4A\Oplossing4A.csproj", "{8F6519A4-F524-44A2-8EAA-640C329A5FB9}"
EndProject
Project("{FAE04EC0-301F-11D3-BF4B-00C04F79EFBC}") = "TestOefening4A", "TestOefening4A\TestOefening4A.csproj", "{4A08DCE0-AD5E-4143-A1C9-D12DCE7EC5BB}"
EndProject
Project("{2150E333-8FDC-42A3-9474-1A3956D46DE8}") = "Oefening 4B", "Oefening 4B", "{82596420-4844-49C9-BE58-41BD415D07AD}"
EndProject
Project("{FAE04EC0-301F-11D3-BF4B-00C04F79EFBC}") = "Oefening4B", "Oefening4B\Oefening4B.csproj", "{324BA912-3E2B-48E5-89B9-EE87768F4F11}"
EndProject
Project("{FAE04EC0-301F-11D3-BF4B-00C04F79EFBC}") = "Oplossing4B", "Oplossing4B\Oplossing4B.csproj", "{06855F5C-51B1-45D6-801E-F9109A6C1F58}"
EndProject
Project("{FAE04EC0-301F-11D3-BF4B-00C04F79EFBC}") = "TestOefening4B", "TestOefening4B\TestOefening4B.csproj", "{8924399C-3229-4CD1-8B8A-DEC4D9E77F56}"
EndProject
Project("{2150E333-8FDC-42A3-9474-1A3956D46DE8}") = "Oefening 4C", "Oefening 4C", "{CF33F30C-00A6-46BC-B204-665143D047C5}"
EndProject
Project("{FAE04EC0-301F-11D3-BF4B-00C04F79EFBC}") = "Oefening4C", "Oefening4C\Oefening4C.csproj", "{EE0A55B5-CC23-414A-9B48-762952E0BC77}"
EndProject
Project("{FAE04EC0-301F-11D3-BF4B-00C04F79EFBC}") = "Oplossing4C", "Oplossing4C\Oplossing4C.csproj", "{9445DC2C-45FB-4880-90F2-ECA729515666}"
EndProject
Project("{FAE04EC0-301F-11D3-BF4B-00C04F79EFBC}") = "TestOefening4C", "TestOefening4C\TestOefening4C.csproj", "{B591FB07-62B7-48EA-AAC3-D372FA4EB175}"
EndProject
Project("{2150E333-8FDC-42A3-9474-1A3956D46DE8}") = "Oefening 4D", "Oefening 4D", "{6CAAEED3-EDEB-44DA-A41E-3CDD582D2124}"
EndProject
Project("{FAE04EC0-301F-11D3-BF4B-00C04F79EFBC}") = "Oefening4D", "Oefening 4D\Oefening4D.csproj", "{D89041A4-7FB2-4F85-BFF5-4DB8A9973DBE}"
EndProject
Project("{FAE04EC0-301F-11D3-BF4B-00C04F79EFBC}") = "Oplossing4D", "Oplossing 4D\Oplossing4D.csproj", "{078C100E-6BE2-4B83-8387-48967DAE18DF}"
EndProject
Project("{FAE04EC0-301F-11D3-BF4B-00C04F79EFBC}") = "TestOefening4D", "TestOefening4D\TestOefening4D.csproj", "{EC406091-95A2-4886-AD68-4516FBB7E497}"
EndProject
Project("{2150E333-8FDC-42A3-9474-1A3956D46DE8}") = "Oefening 4E", "Oefening 4E", "{23003A44-2C2E-495A-8AA6-7E68A3730F64}"
EndProject
Project("{FAE04EC0-301F-11D3-BF4B-00C04F79EFBC}") = "Oefening4E", "Oefening4E\Oefening4E.csproj", "{005EA53D-16F6-48E9-9CDE-9BE3D1486168}"
EndProject
Project("{FAE04EC0-301F-11D3-BF4B-00C04F79EFBC}") = "Oplossing4E", "Oplossing4E\Oplossing4E.csproj", "{9FF1C051-3BC0-4180-AD76-D9D97C933F95}"
EndProject
Project("{FAE04EC0-301F-11D3-BF4B-00C04F79EFBC}") = "TestOefening4E", "TestOefening4E\TestOefening4E.csproj", "{4332B069-0AC5-4F85-8BA5-E8E3EBC488BA}"
EndProject
Project("{2150E333-8FDC-42A3-9474-1A3956D46DE8}") = "5. Controlestructuren", "5. Controlestructuren", "{C2E64E82-00B6-470B-835E-26AC0008D8BA}"
EndProject
Project("{2150E333-8FDC-42A3-9474-1A3956D46DE8}") = "Oefening 5A", "Oefening 5A", "{BB1DC6CD-B5F4-446A-A481-2434FDAEAD05}"
EndProject
Project("{FAE04EC0-301F-11D3-BF4B-00C04F79EFBC}") = "Oefening5A", "Oefening5A\Oefening5A.csproj", "{256C22DE-60E2-4DC0-818E-138DCDD51C13}"
EndProject
Project("{FAE04EC0-301F-11D3-BF4B-00C04F79EFBC}") = "TestOefening5A", "TestOefening5A\TestOefening5A.csproj", "{00ADEC07-2011-4B94-A4DB-66606A338203}"
EndProject
Project("{FAE04EC0-301F-11D3-BF4B-00C04F79EFBC}") = "Les 5 - Controlestructuren", "Les 5 - Controlestructuren\Les 5 - Controlestructuren.csproj", "{6E4CB3C4-95BF-46B9-B79F-85C609F42FFA}"
EndProject
Project("{FAE04EC0-301F-11D3-BF4B-00C04F79EFBC}") = "Examen 2 5ICW - 2024-2025 - Oefening 3", "Examen 2 5ICW - 202-2025 - Oefening 3\Examen 2 5ICW - 2024-2025 - Oefening 3.csproj", "{C524AF5E-549B-43E6-84DC-6557ED91AE98}"
EndProject
Project("{FAE04EC0-301F-11D3-BF4B-00C04F79EFBC}") = "Herhaling Examen 2 5ICW - 2024-2025 - Oefening 3", "Herhaling Examen 2 5ICW - 2024-2025 - Oefening 3\Herhaling Examen 2 5ICW - 2024-2025 - Oefening 3.csproj", "{B29F6561-6274-432B-B817-9EEB0FF03172}"
EndProject
Project("{FAE04EC0-301F-11D3-BF4B-00C04F79EFBC}") = "Examen 2 5ICW - 2024-2025 - Oefening 4", "Examen 2 5ICW - 2024-2025 - Oefening 4\Examen 2 5ICW - 2024-2025 - Oefening 4.csproj", "{EAC433BD-F209-467F-A102-FE4A8909C86C}"
EndProject
Project("{FAE04EC0-301F-11D3-BF4B-00C04F79EFBC}") = "Herhaling examen 2 5ICW - 2024-2025 - Oefening 4", "Herhaling examen 2 5ICW - 2024-2025 - Oefening 4\Herhaling examen 2 5ICW - 2024-2025 - Oefening 4.csproj", "{685A7E67-23FA-4C8B-B5AB-A045A14E0C4C}"
EndProject
Project("{2150E333-8FDC-42A3-9474-1A3956D46DE8}") = "Oefening 3E", "Oefening 3E", "{712FDD8C-C02C-4F87-94E4-2061C957876B}"
EndProject
Project("{FAE04EC0-301F-11D3-BF4B-00C04F79EFBC}") = "Oefening3E", "Oefening3E\Oefening3E.csproj", "{E35B788E-3F03-4874-99E7-136C2CFE5F8D}"
EndProject
Project("{FAE04EC0-301F-11D3-BF4B-00C04F79EFBC}") = "Oplossing3E", "Oplossing3E\Oplossing3E.csproj", "{65A95FA8-384C-4BF5-8A2A-C758569EAEB1}"
EndProject
Project("{FAE04EC0-301F-11D3-BF4B-00C04F79EFBC}") = "TestOefening3E", "TestOefening3E\TestOefening3E.csproj", "{3E56E8D2-CDD9-4F56-B4C7-DB3295215431}"
EndProject
Project("{2150E333-8FDC-42A3-9474-1A3956D46DE8}") = "Oefening 3F", "Oefening 3F", "{6D1E252F-E255-4A7C-948B-4C5D0DD75B35}"
EndProject
Project("{FAE04EC0-301F-11D3-BF4B-00C04F79EFBC}") = "Oefening3F", "Oefening3F\Oefening3F.csproj", "{C664CAD0-E6A9-40C8-A728-9373F7FD305D}"
EndProject
Project("{FAE04EC0-301F-11D3-BF4B-00C04F79EFBC}") = "Oplossing3F", "Oplossing3F\Oplossing3F.csproj", "{A2AEC6DC-B2CC-4A51-9175-424B186E5526}"
EndProject
Project("{FAE04EC0-301F-11D3-BF4B-00C04F79EFBC}") = "TestOefening3F", "TestOefening3F\TestOefening3F.csproj", "{3BA92512-CAF0-4F2F-BA54-7043904A2ADB}"
EndProject
Project("{2150E333-8FDC-42A3-9474-1A3956D46DE8}") = "Oefening 4F", "Oefening 4F", "{A949E600-B49C-458C-9F35-140FB301C339}"
EndProject
Project("{FAE04EC0-301F-11D3-BF4B-00C04F79EFBC}") = "Oefening4F", "Oefening4F\Oefening4F.csproj", "{A064C09F-4E92-4D94-8C89-2D1C1F5F5A1D}"
EndProject
Project("{FAE04EC0-301F-11D3-BF4B-00C04F79EFBC}") = "Oplossing4F", "Oplossing4F\Oplossing4F.csproj", "{E16D06DB-5E77-444A-B102-D04701E29464}"
EndProject
Project("{FAE04EC0-301F-11D3-BF4B-00C04F79EFBC}") = "TestOefening4F", "TestOefening4F\TestOefening4F.csproj", "{F7B7B7C3-34BE-46B8-8CBC-6C173E7009BF}"
EndProject
Project("{FAE04EC0-301F-11D3-BF4B-00C04F79EFBC}") = "Oplossing5A", "Oplossing5A\Oplossing5A.csproj", "{45EA871C-E19F-43AD-9ECF-1BBFF4AFFAF0}"
EndProject
Project("{2150E333-8FDC-42A3-9474-1A3956D46DE8}") = "Oefening 5B", "Oefening 5B", "{F05F5C7A-56AF-408B-B0DE-879871FEE195}"
EndProject
Project("{FAE04EC0-301F-11D3-BF4B-00C04F79EFBC}") = "Oefening5B", "Oefening5B\Oefening5B.csproj", "{E555C5D1-DA94-46AD-B35C-03E90821F428}"
EndProject
Project("{FAE04EC0-301F-11D3-BF4B-00C04F79EFBC}") = "Oplossing5B", "Oplossing5B\Oplossing5B.csproj", "{FA7BDC3C-E6DE-4D16-A42F-5A972DD3A961}"
EndProject
Project("{FAE04EC0-301F-11D3-BF4B-00C04F79EFBC}") = "TestOefening5B", "TestOefening5B\TestOefening5B.csproj", "{1FB62397-701F-4695-A358-833973C01928}"
EndProject
Project("{2150E333-8FDC-42A3-9474-1A3956D46DE8}") = "Oefening 3G", "Oefening 3G", "{B124D06C-6ABD-4A9D-A405-64564628FF57}"
EndProject
Project("{FAE04EC0-301F-11D3-BF4B-00C04F79EFBC}") = "Oefening3G", "Oefening3G\Oefening3G.csproj", "{31689737-39E4-4EFC-A2C1-8138FC302011}"
EndProject
Project("{FAE04EC0-301F-11D3-BF4B-00C04F79EFBC}") = "Oplossing3G", "Oplossing3G\Oplossing3G.csproj", "{DF65A145-D149-476E-A31F-7BA0CD0E9573}"
EndProject
Project("{FAE04EC0-301F-11D3-BF4B-00C04F79EFBC}") = "TestOefening3G", "TestOefening3G\TestOefening3G.csproj", "{EE6C3276-D1CD-497E-B6AA-134A1D9505F3}"
EndProject
Project("{FAE04EC0-301F-11D3-BF4B-00C04F79EFBC}") = "Les 12 - Databanken (geavanceerd)", "Les 12 - Databanken (geavanceerd)\Les 12 - Databanken (geavanceerd).csproj", "{B1B1D5BE-571A-4DC8-8384-02C9F18947D3}"
EndProject
Project("{2150E333-8FDC-42A3-9474-1A3956D46DE8}") = "12. Databanken (geavanceerd)", "12. Databanken (geavanceerd)", "{50E00B96-1396-4379-A628-A9E8D3837476}"
EndProject
Project("{2150E333-8FDC-42A3-9474-1A3956D46DE8}") = "GameLibrary", "GameLibrary", "{EEDCFE64-9922-4256-86C5-669FFB4F0262}"
EndProject
Project("{2150E333-8FDC-42A3-9474-1A3956D46DE8}") = "Oefening", "Oefening", "{26C1E8FD-8D6E-4C13-B384-71ED0A21D56D}"
EndProject
Project("{2150E333-8FDC-42A3-9474-1A3956D46DE8}") = "Oplossing", "Oplossing", "{7198249A-D4BD-484C-83C2-100ECB3C77A7}"
EndProject
Project("{2150E333-8FDC-42A3-9474-1A3956D46DE8}") = "Logic", "Logic", "{F163F2FE-EAD8-4D0D-B774-71E2D2EA7EA3}"
EndProject
Project("{2150E333-8FDC-42A3-9474-1A3956D46DE8}") = "Data", "Data", "{4306CE8A-3666-4F46-BB5E-3E3B790B4813}"
EndProject
Project("{2150E333-8FDC-42A3-9474-1A3956D46DE8}") = "UI", "UI", "{EA40890D-6870-4E1B-8374-A4FDF3C8F916}"
EndProject
Project("{2150E333-8FDC-42A3-9474-1A3956D46DE8}") = "Shared", "Shared", "{C8767BC6-059F-48A7-AB7F-49558C0097EB}"
EndProject
Project("{FAE04EC0-301F-11D3-BF4B-00C04F79EFBC}") = "Classes", "12_1_Classes\Classes.csproj", "{6FD6CDFA-0BD3-4A5C-9371-7658D459DF08}"
EndProject
Project("{FAE04EC0-301F-11D3-BF4B-00C04F79EFBC}") = "MySql", "MySql\MySql.csproj", "{F5A53D5D-30F9-40B4-8BC8-6C458723AA9D}"
EndProject
Project("{2150E333-8FDC-42A3-9474-1A3956D46DE8}") = "Oefening 2D", "Oefening 2D", "{D41ADEA8-C6B6-433A-A486-5761B1630D5F}"
EndProject
Project("{FAE04EC0-301F-11D3-BF4B-00C04F79EFBC}") = "Oefening2D", "Oefening2D\Oefening2D.csproj", "{3AF06AEB-9E7F-4A6D-9704-FD723DF75447}"
EndProject
Project("{2150E333-8FDC-42A3-9474-1A3956D46DE8}") = "Oefening 4G", "Oefening 4G", "{976A1396-5AF3-490B-AFA7-E5A3F0A36D83}"
EndProject
Project("{FAE04EC0-301F-11D3-BF4B-00C04F79EFBC}") = "Oefening 4G", "Oefening 4G\Oefening 4G.csproj", "{01C6C27B-D448-45BD-B031-2CC409DC6BF2}"
EndProject
Project("{2150E333-8FDC-42A3-9474-1A3956D46DE8}") = "Oefening 4H", "Oefening 4H", "{B5707A1D-3376-4574-B8CE-AA632393C101}"
EndProject
Project("{FAE04EC0-301F-11D3-BF4B-00C04F79EFBC}") = "Oefening 4H", "Oefening 4H\Oefening 4H.csproj", "{8F8CCFBD-1180-45D3-9496-29E17EAE7992}"
EndProject
Project("{2150E333-8FDC-42A3-9474-1A3956D46DE8}") = "Oefening 4I", "Oefening 4I", "{BD2266FA-C1A4-437C-84F0-C8561AF574D2}"
EndProject
Project("{FAE04EC0-301F-11D3-BF4B-00C04F79EFBC}") = "Oefening 4I", "Oefening 4I\Oefening 4I.csproj", "{8E828EAC-27A7-4630-87B3-FFD4BE9850CB}"
EndProject
Project("{2150E333-8FDC-42A3-9474-1A3956D46DE8}") = "Oefening 4J", "Oefening 4J", "{E9078CA9-DCB1-42B2-A2BA-136B2C9A95CC}"
EndProject
Project("{FAE04EC0-301F-11D3-BF4B-00C04F79EFBC}") = "Oefening 4J", "Oefening 4J\Oefening 4J.csproj", "{5D516EBF-D204-4C33-A9D0-21FC1D73B64E}"
EndProject
Project("{FAE04EC0-301F-11D3-BF4B-00C04F79EFBC}") = "Console applicatie (oef 12_1)", "Console applicatie (oef 12_1)\Console applicatie (oef 12_1).csproj", "{4F8286C1-CAEE-4C9B-B0E4-CB51A69CC8C5}"
EndProject
Project("{2150E333-8FDC-42A3-9474-1A3956D46DE8}") = "Oefening 5C", "Oefening 5C", "{44671A81-B2B5-4C5D-9177-229F6C39844F}"
EndProject
Project("{FAE04EC0-301F-11D3-BF4B-00C04F79EFBC}") = "Oefening5C", "Oefening5C\Oefening5C.csproj", "{80EA2547-3939-445B-9FF2-8ACD103BA885}"
EndProject
Project("{2150E333-8FDC-42A3-9474-1A3956D46DE8}") = "Oefening 5D", "Oefening 5D", "{2D63E378-391B-4C56-A697-7A975F2BBD29}"
EndProject
Project("{FAE04EC0-301F-11D3-BF4B-00C04F79EFBC}") = "Oefening5D", "Oefening5D\Oefening5D.csproj", "{850175EF-23C6-49C8-B2D6-4DA1618F5F9F}"
EndProject
Project("{FAE04EC0-301F-11D3-BF4B-00C04F79EFBC}") = "Oplossing5C", "Oplossing 5C\Oplossing5C.csproj", "{9DA22EC8-40F0-4366-B434-F3AC4EFBB520}"
EndProject
Project("{FAE04EC0-301F-11D3-BF4B-00C04F79EFBC}") = "TestOefening5C", "TestOefening5C\TestOefening5C.csproj", "{ED75D400-C97E-4C81-9078-BE30A57FEE8A}"
EndProject
Project("{FAE04EC0-301F-11D3-BF4B-00C04F79EFBC}") = "Oplossing5D", "Oplossing5D\Oplossing5D.csproj", "{6C28DD5A-D33D-4E74-9DC5-C6A52B66AB7D}"
EndProject
Project("{FAE04EC0-301F-11D3-BF4B-00C04F79EFBC}") = "TestOefening5D", "TestOefening5D\TestOefening5D.csproj", "{04D8BB46-749E-4049-814E-96C168D35297}"
EndProject
Project("{2150E333-8FDC-42A3-9474-1A3956D46DE8}") = "Oefening 5E", "Oefening 5E", "{304E4D54-8E43-4CAE-9E9C-A0A3F9F3A1E8}"
EndProject
Project("{FAE04EC0-301F-11D3-BF4B-00C04F79EFBC}") = "Oefening5E", "Oefening5E\Oefening5E.csproj", "{D1A5A320-5BE0-4C27-8E93-882358555EC1}"
EndProject
Project("{FAE04EC0-301F-11D3-BF4B-00C04F79EFBC}") = "TestOefening5E", "TestOefening5E\TestOefening5E.csproj", "{5053E81E-2682-4F2A-8ADA-1467E522D645}"
EndProject
Project("{FAE04EC0-301F-11D3-BF4B-00C04F79EFBC}") = "Oplossing5E", "Oplossing5E\Oplossing5E.csproj", "{20B41801-5D19-45AC-A1CE-8001B759487F}"
EndProject
Project("{2150E333-8FDC-42A3-9474-1A3956D46DE8}") = "Oefening 5F", "Oefening 5F", "{ADBA7477-556E-4985-A893-8E3EB98D8E63}"
EndProject
Project("{FAE04EC0-301F-11D3-BF4B-00C04F79EFBC}") = "Oefening5F", "Oefening5F\Oefening5F.csproj", "{5BE363F8-69CD-48B9-957A-8AE84DC81EAB}"
EndProject
Project("{FAE04EC0-301F-11D3-BF4B-00C04F79EFBC}") = "TestOefening5F", "TestOefening5F\TestOefening5F.csproj", "{3586F061-E6FF-48BC-BB93-5C8EE1DE3F57}"
EndProject
Project("{2150E333-8FDC-42A3-9474-1A3956D46DE8}") = "Oefening 5G", "Oefening 5G", "{E4E858C9-A654-4503-89AD-A67191194B25}"
EndProject
Project("{FAE04EC0-301F-11D3-BF4B-00C04F79EFBC}") = "Oefening5G", "Oefening5G\Oefening5G.csproj", "{735A47AE-6339-458E-BC42-4A9E9DF22E64}"
EndProject
Project("{FAE04EC0-301F-11D3-BF4B-00C04F79EFBC}") = "TestOefening5G", "TestOefening5G\TestOefening5G.csproj", "{2F189A11-E664-4959-8414-6D6E229BFEA6}"
EndProject
Project("{2150E333-8FDC-42A3-9474-1A3956D46DE8}") = "Oefening 5H", "Oefening 5H", "{1C728A9A-194B-4AA0-AAF4-EE3F34812DF8}"
EndProject
Project("{FAE04EC0-301F-11D3-BF4B-00C04F79EFBC}") = "Oefening5H", "Oefening5H\Oefening5H.csproj", "{0033ADCB-2EB3-4B85-9A46-EBEDE37FA5BC}"
EndProject
Project("{2150E333-8FDC-42A3-9474-1A3956D46DE8}") = "Oefening 5I", "Oefening 5I", "{357A49E4-818E-4FBC-8A4B-C3BA29093588}"
EndProject
Project("{FAE04EC0-301F-11D3-BF4B-00C04F79EFBC}") = "Oefening5I", "Oefening5I\Oefening5I.csproj", "{689E3B85-444A-4993-A649-1164B822FBAA}"
EndProject
Project("{FAE04EC0-301F-11D3-BF4B-00C04F79EFBC}") = "TestOefening5I", "TestOefening5I\TestOefening5I.csproj", "{21A52CBA-C8A4-495D-8EE1-C1B2D5CFF96C}"
EndProject
Project("{2150E333-8FDC-42A3-9474-1A3956D46DE8}") = "Les 13 - ASP.NET Core", "Les 13 - ASP.NET Core", "{F42E22A8-5EC4-4DF3-A511-3B0BAA0F6107}"
EndProject
Project("{2150E333-8FDC-42A3-9474-1A3956D46DE8}") = "13. ASP.NET Core", "13. ASP.NET Core", "{3870EE91-009C-4413-9988-E6D82E8E7107}"
EndProject
Project("{2150E333-8FDC-42A3-9474-1A3956D46DE8}") = "Oefening 1", "Oefening 1", "{AD63D450-1BD9-41A9-AFC8-A96F652D0719}"
EndProject
Project("{FAE04EC0-301F-11D3-BF4B-00C04F79EFBC}") = "MyGamingWebsite", "MyGamingWebsite\MyGamingWebsite.csproj", "{D0F0241A-0306-44AD-B59D-340D4222E36D}"
EndProject
Project("{2150E333-8FDC-42A3-9474-1A3956D46DE8}") = "UI", "UI", "{CF5DA2A3-7F11-4C7F-99D3-D2F50ECF781B}"
EndProject
Project("{2150E333-8FDC-42A3-9474-1A3956D46DE8}") = "Shared", "Shared", "{FF2AA143-2387-4679-B4E3-740C97DAA7BA}"
EndProject
Project("{2150E333-8FDC-42A3-9474-1A3956D46DE8}") = "Data", "Data", "{98A09E6D-201C-4D17-ABF2-EAAA69879F2D}"
EndProject
Project("{2150E333-8FDC-42A3-9474-1A3956D46DE8}") = "Logic", "Logic", "{018D21B5-F6BF-4F43-9892-64B2DC19CAD0}"
EndProject
Project("{FAE04EC0-301F-11D3-BF4B-00C04F79EFBC}") = "MyGamingConsoleApplication", "MyGamingConsoleApplication\MyGamingConsoleApplication.csproj", "{49522A4F-A121-49BC-9053-C9F685F17532}"
EndProject
Project("{FAE04EC0-301F-11D3-BF4B-00C04F79EFBC}") = "Classes", "MyGaming_Classes\Classes.csproj", "{87AF76EC-F4B7-4632-A0FF-499D63CD0E80}"
EndProject
Project("{FAE04EC0-301F-11D3-BF4B-00C04F79EFBC}") = "MySQL", "MyGaming_MySQL\MySQL.csproj", "{8A55A38A-F3B9-41FC-A83D-00AD37B20804}"
EndProject
Project("{FAE04EC0-301F-11D3-BF4B-00C04F79EFBC}") = "ILogic", "MyGamingIGameLogic\ILogic.csproj", "{D2A181F7-295C-4251-8BC4-E2400AD5A318}"
EndProject
Project("{FAE04EC0-301F-11D3-BF4B-00C04F79EFBC}") = "Logic", "Logic\Logic.csproj", "{CC1333F6-1866-452E-B6BD-74A5B5188B3D}"
EndProject
Project("{FAE04EC0-301F-11D3-BF4B-00C04F79EFBC}") = "IData", "IData\IData.csproj", "{3A6E4C14-2B80-41AE-8015-B1275DFC18C6}"
EndProject
Project("{2150E333-8FDC-42A3-9474-1A3956D46DE8}") = "Oefening 5J", "Oefening 5J", "{9F5ADF78-163C-4AAF-A6A0-BD138CC3B3A9}"
EndProject
Project("{FAE04EC0-301F-11D3-BF4B-00C04F79EFBC}") = "Oefening5J", "Oefening5J\Oefening5J.csproj", "{8EF311CB-FCAD-494A-9FA2-382B4FA078CE}"
EndProject
Global
	GlobalSection(SolutionConfigurationPlatforms) = preSolution
		Debug|Any CPU = Debug|Any CPU
		Release|Any CPU = Release|Any CPU
	EndGlobalSection
	GlobalSection(ProjectConfigurationPlatforms) = postSolution
		{10AD0875-81FC-4EAC-A37D-F8360C7D07BB}.Debug|Any CPU.ActiveCfg = Debug|Any CPU
		{10AD0875-81FC-4EAC-A37D-F8360C7D07BB}.Debug|Any CPU.Build.0 = Debug|Any CPU
		{10AD0875-81FC-4EAC-A37D-F8360C7D07BB}.Release|Any CPU.ActiveCfg = Release|Any CPU
		{10AD0875-81FC-4EAC-A37D-F8360C7D07BB}.Release|Any CPU.Build.0 = Release|Any CPU
		{C0CA3697-CF84-4E02-9F87-2292252E0E8C}.Debug|Any CPU.ActiveCfg = Debug|Any CPU
		{C0CA3697-CF84-4E02-9F87-2292252E0E8C}.Debug|Any CPU.Build.0 = Debug|Any CPU
		{C0CA3697-CF84-4E02-9F87-2292252E0E8C}.Release|Any CPU.ActiveCfg = Release|Any CPU
		{C0CA3697-CF84-4E02-9F87-2292252E0E8C}.Release|Any CPU.Build.0 = Release|Any CPU
		{E310730E-804B-43F6-9C9D-0E6D00745F6C}.Debug|Any CPU.ActiveCfg = Debug|Any CPU
		{E310730E-804B-43F6-9C9D-0E6D00745F6C}.Debug|Any CPU.Build.0 = Debug|Any CPU
		{E310730E-804B-43F6-9C9D-0E6D00745F6C}.Release|Any CPU.ActiveCfg = Release|Any CPU
		{E310730E-804B-43F6-9C9D-0E6D00745F6C}.Release|Any CPU.Build.0 = Release|Any CPU
		{B09F2451-DECA-45AD-85E0-A09BB8D670C1}.Debug|Any CPU.ActiveCfg = Debug|Any CPU
		{B09F2451-DECA-45AD-85E0-A09BB8D670C1}.Debug|Any CPU.Build.0 = Debug|Any CPU
		{B09F2451-DECA-45AD-85E0-A09BB8D670C1}.Release|Any CPU.ActiveCfg = Release|Any CPU
		{B09F2451-DECA-45AD-85E0-A09BB8D670C1}.Release|Any CPU.Build.0 = Release|Any CPU
		{1AA6EAE5-DB63-4372-BC95-4CD0BD141C99}.Debug|Any CPU.ActiveCfg = Debug|Any CPU
		{1AA6EAE5-DB63-4372-BC95-4CD0BD141C99}.Debug|Any CPU.Build.0 = Debug|Any CPU
		{1AA6EAE5-DB63-4372-BC95-4CD0BD141C99}.Release|Any CPU.ActiveCfg = Release|Any CPU
		{1AA6EAE5-DB63-4372-BC95-4CD0BD141C99}.Release|Any CPU.Build.0 = Release|Any CPU
		{911553A3-D085-4C8C-AF0D-88D1E3181480}.Debug|Any CPU.ActiveCfg = Debug|Any CPU
		{911553A3-D085-4C8C-AF0D-88D1E3181480}.Debug|Any CPU.Build.0 = Debug|Any CPU
		{911553A3-D085-4C8C-AF0D-88D1E3181480}.Release|Any CPU.ActiveCfg = Release|Any CPU
		{911553A3-D085-4C8C-AF0D-88D1E3181480}.Release|Any CPU.Build.0 = Release|Any CPU
		{F30D859F-6381-4B58-BF9C-2FF923B701BF}.Debug|Any CPU.ActiveCfg = Debug|Any CPU
		{F30D859F-6381-4B58-BF9C-2FF923B701BF}.Debug|Any CPU.Build.0 = Debug|Any CPU
		{F30D859F-6381-4B58-BF9C-2FF923B701BF}.Release|Any CPU.ActiveCfg = Release|Any CPU
		{F30D859F-6381-4B58-BF9C-2FF923B701BF}.Release|Any CPU.Build.0 = Release|Any CPU
		{DB776026-C975-446E-8D4A-7ED74E192AF0}.Debug|Any CPU.ActiveCfg = Debug|Any CPU
		{DB776026-C975-446E-8D4A-7ED74E192AF0}.Debug|Any CPU.Build.0 = Debug|Any CPU
		{DB776026-C975-446E-8D4A-7ED74E192AF0}.Release|Any CPU.ActiveCfg = Release|Any CPU
		{DB776026-C975-446E-8D4A-7ED74E192AF0}.Release|Any CPU.Build.0 = Release|Any CPU
		{03B46844-C0ED-4C5D-B1E9-9BFD9B85DAF8}.Debug|Any CPU.ActiveCfg = Debug|Any CPU
		{03B46844-C0ED-4C5D-B1E9-9BFD9B85DAF8}.Debug|Any CPU.Build.0 = Debug|Any CPU
		{03B46844-C0ED-4C5D-B1E9-9BFD9B85DAF8}.Release|Any CPU.ActiveCfg = Release|Any CPU
		{03B46844-C0ED-4C5D-B1E9-9BFD9B85DAF8}.Release|Any CPU.Build.0 = Release|Any CPU
		{B1C4AD95-9336-4152-B5A2-8FAC30529128}.Debug|Any CPU.ActiveCfg = Debug|Any CPU
		{B1C4AD95-9336-4152-B5A2-8FAC30529128}.Debug|Any CPU.Build.0 = Debug|Any CPU
		{B1C4AD95-9336-4152-B5A2-8FAC30529128}.Release|Any CPU.ActiveCfg = Release|Any CPU
		{B1C4AD95-9336-4152-B5A2-8FAC30529128}.Release|Any CPU.Build.0 = Release|Any CPU
		{A811372B-EA9C-43B5-93AC-817638C38A27}.Debug|Any CPU.ActiveCfg = Debug|Any CPU
		{A811372B-EA9C-43B5-93AC-817638C38A27}.Debug|Any CPU.Build.0 = Debug|Any CPU
		{A811372B-EA9C-43B5-93AC-817638C38A27}.Release|Any CPU.ActiveCfg = Release|Any CPU
		{A811372B-EA9C-43B5-93AC-817638C38A27}.Release|Any CPU.Build.0 = Release|Any CPU
		{C6D02B10-8705-4E0B-825D-35DD9E6713D0}.Debug|Any CPU.ActiveCfg = Debug|Any CPU
		{C6D02B10-8705-4E0B-825D-35DD9E6713D0}.Debug|Any CPU.Build.0 = Debug|Any CPU
		{C6D02B10-8705-4E0B-825D-35DD9E6713D0}.Release|Any CPU.ActiveCfg = Release|Any CPU
		{C6D02B10-8705-4E0B-825D-35DD9E6713D0}.Release|Any CPU.Build.0 = Release|Any CPU
		{CE982DA3-403C-4202-8740-6423C4BDB876}.Debug|Any CPU.ActiveCfg = Debug|Any CPU
		{CE982DA3-403C-4202-8740-6423C4BDB876}.Debug|Any CPU.Build.0 = Debug|Any CPU
		{CE982DA3-403C-4202-8740-6423C4BDB876}.Release|Any CPU.ActiveCfg = Release|Any CPU
		{CE982DA3-403C-4202-8740-6423C4BDB876}.Release|Any CPU.Build.0 = Release|Any CPU
		{2580DD4D-2D5B-45C9-BEE9-39EA672878BA}.Debug|Any CPU.ActiveCfg = Debug|Any CPU
		{2580DD4D-2D5B-45C9-BEE9-39EA672878BA}.Debug|Any CPU.Build.0 = Debug|Any CPU
		{2580DD4D-2D5B-45C9-BEE9-39EA672878BA}.Release|Any CPU.ActiveCfg = Release|Any CPU
		{2580DD4D-2D5B-45C9-BEE9-39EA672878BA}.Release|Any CPU.Build.0 = Release|Any CPU
		{434AB344-9752-494D-BE96-5E2491B2C102}.Debug|Any CPU.ActiveCfg = Debug|Any CPU
		{434AB344-9752-494D-BE96-5E2491B2C102}.Debug|Any CPU.Build.0 = Debug|Any CPU
		{434AB344-9752-494D-BE96-5E2491B2C102}.Release|Any CPU.ActiveCfg = Release|Any CPU
		{434AB344-9752-494D-BE96-5E2491B2C102}.Release|Any CPU.Build.0 = Release|Any CPU
		{F51337F7-0519-43C5-A84E-87D8C5A83373}.Debug|Any CPU.ActiveCfg = Debug|Any CPU
		{F51337F7-0519-43C5-A84E-87D8C5A83373}.Debug|Any CPU.Build.0 = Debug|Any CPU
		{F51337F7-0519-43C5-A84E-87D8C5A83373}.Release|Any CPU.ActiveCfg = Release|Any CPU
		{F51337F7-0519-43C5-A84E-87D8C5A83373}.Release|Any CPU.Build.0 = Release|Any CPU
		{EF41C57D-EDC8-48B4-A145-5015B85E143F}.Debug|Any CPU.ActiveCfg = Debug|Any CPU
		{EF41C57D-EDC8-48B4-A145-5015B85E143F}.Debug|Any CPU.Build.0 = Debug|Any CPU
		{EF41C57D-EDC8-48B4-A145-5015B85E143F}.Release|Any CPU.ActiveCfg = Release|Any CPU
		{EF41C57D-EDC8-48B4-A145-5015B85E143F}.Release|Any CPU.Build.0 = Release|Any CPU
		{F61BA0EA-ED47-4D23-BA2C-60D2F701B7FF}.Debug|Any CPU.ActiveCfg = Debug|Any CPU
		{F61BA0EA-ED47-4D23-BA2C-60D2F701B7FF}.Debug|Any CPU.Build.0 = Debug|Any CPU
		{F61BA0EA-ED47-4D23-BA2C-60D2F701B7FF}.Release|Any CPU.ActiveCfg = Release|Any CPU
		{F61BA0EA-ED47-4D23-BA2C-60D2F701B7FF}.Release|Any CPU.Build.0 = Release|Any CPU
		{DC304A25-597E-405D-8D66-8C8E0FF0DC51}.Debug|Any CPU.ActiveCfg = Debug|Any CPU
		{DC304A25-597E-405D-8D66-8C8E0FF0DC51}.Debug|Any CPU.Build.0 = Debug|Any CPU
		{DC304A25-597E-405D-8D66-8C8E0FF0DC51}.Release|Any CPU.ActiveCfg = Release|Any CPU
		{DC304A25-597E-405D-8D66-8C8E0FF0DC51}.Release|Any CPU.Build.0 = Release|Any CPU
		{06440DFB-CC99-4774-BA1B-3C8A658113E7}.Debug|Any CPU.ActiveCfg = Debug|Any CPU
		{06440DFB-CC99-4774-BA1B-3C8A658113E7}.Debug|Any CPU.Build.0 = Debug|Any CPU
		{06440DFB-CC99-4774-BA1B-3C8A658113E7}.Release|Any CPU.ActiveCfg = Release|Any CPU
		{06440DFB-CC99-4774-BA1B-3C8A658113E7}.Release|Any CPU.Build.0 = Release|Any CPU
		{A1F0B234-0E85-4F08-A06F-3ECAB4C9E73E}.Debug|Any CPU.ActiveCfg = Debug|Any CPU
		{A1F0B234-0E85-4F08-A06F-3ECAB4C9E73E}.Debug|Any CPU.Build.0 = Debug|Any CPU
		{A1F0B234-0E85-4F08-A06F-3ECAB4C9E73E}.Release|Any CPU.ActiveCfg = Release|Any CPU
		{A1F0B234-0E85-4F08-A06F-3ECAB4C9E73E}.Release|Any CPU.Build.0 = Release|Any CPU
		{DEDA409A-BC27-4A91-AC09-22A34872628E}.Debug|Any CPU.ActiveCfg = Debug|Any CPU
		{DEDA409A-BC27-4A91-AC09-22A34872628E}.Debug|Any CPU.Build.0 = Debug|Any CPU
		{DEDA409A-BC27-4A91-AC09-22A34872628E}.Release|Any CPU.ActiveCfg = Release|Any CPU
		{DEDA409A-BC27-4A91-AC09-22A34872628E}.Release|Any CPU.Build.0 = Release|Any CPU
		{2C370575-9FAE-4CF1-BE92-858F844C1F00}.Debug|Any CPU.ActiveCfg = Debug|Any CPU
		{2C370575-9FAE-4CF1-BE92-858F844C1F00}.Debug|Any CPU.Build.0 = Debug|Any CPU
		{2C370575-9FAE-4CF1-BE92-858F844C1F00}.Release|Any CPU.ActiveCfg = Release|Any CPU
		{2C370575-9FAE-4CF1-BE92-858F844C1F00}.Release|Any CPU.Build.0 = Release|Any CPU
		{AF740E6A-1D86-4657-8D73-D3FEB0F2854B}.Debug|Any CPU.ActiveCfg = Debug|Any CPU
		{AF740E6A-1D86-4657-8D73-D3FEB0F2854B}.Debug|Any CPU.Build.0 = Debug|Any CPU
		{AF740E6A-1D86-4657-8D73-D3FEB0F2854B}.Release|Any CPU.ActiveCfg = Release|Any CPU
		{AF740E6A-1D86-4657-8D73-D3FEB0F2854B}.Release|Any CPU.Build.0 = Release|Any CPU
		{35E542E6-992E-4415-B806-9B9389743FAD}.Debug|Any CPU.ActiveCfg = Debug|Any CPU
		{35E542E6-992E-4415-B806-9B9389743FAD}.Debug|Any CPU.Build.0 = Debug|Any CPU
		{35E542E6-992E-4415-B806-9B9389743FAD}.Release|Any CPU.ActiveCfg = Release|Any CPU
		{35E542E6-992E-4415-B806-9B9389743FAD}.Release|Any CPU.Build.0 = Release|Any CPU
		{71459B00-1BE3-4A37-8CA9-F7AF55347460}.Debug|Any CPU.ActiveCfg = Debug|Any CPU
		{71459B00-1BE3-4A37-8CA9-F7AF55347460}.Debug|Any CPU.Build.0 = Debug|Any CPU
		{71459B00-1BE3-4A37-8CA9-F7AF55347460}.Release|Any CPU.ActiveCfg = Release|Any CPU
		{71459B00-1BE3-4A37-8CA9-F7AF55347460}.Release|Any CPU.Build.0 = Release|Any CPU
		{257E87F5-0B1F-4B4E-AC31-083A6F440D92}.Debug|Any CPU.ActiveCfg = Debug|Any CPU
		{257E87F5-0B1F-4B4E-AC31-083A6F440D92}.Debug|Any CPU.Build.0 = Debug|Any CPU
		{257E87F5-0B1F-4B4E-AC31-083A6F440D92}.Release|Any CPU.ActiveCfg = Release|Any CPU
		{257E87F5-0B1F-4B4E-AC31-083A6F440D92}.Release|Any CPU.Build.0 = Release|Any CPU
		{BD998F62-B268-4BCC-B1D7-9672948C00CF}.Debug|Any CPU.ActiveCfg = Debug|Any CPU
		{BD998F62-B268-4BCC-B1D7-9672948C00CF}.Debug|Any CPU.Build.0 = Debug|Any CPU
		{BD998F62-B268-4BCC-B1D7-9672948C00CF}.Release|Any CPU.ActiveCfg = Release|Any CPU
		{BD998F62-B268-4BCC-B1D7-9672948C00CF}.Release|Any CPU.Build.0 = Release|Any CPU
		{40A6D971-06EF-4C47-B3F3-3B71FA85B97A}.Debug|Any CPU.ActiveCfg = Debug|Any CPU
		{40A6D971-06EF-4C47-B3F3-3B71FA85B97A}.Debug|Any CPU.Build.0 = Debug|Any CPU
		{40A6D971-06EF-4C47-B3F3-3B71FA85B97A}.Release|Any CPU.ActiveCfg = Release|Any CPU
		{40A6D971-06EF-4C47-B3F3-3B71FA85B97A}.Release|Any CPU.Build.0 = Release|Any CPU
		{43FA6C70-6154-4786-946D-423F4F312A43}.Debug|Any CPU.ActiveCfg = Debug|Any CPU
		{43FA6C70-6154-4786-946D-423F4F312A43}.Debug|Any CPU.Build.0 = Debug|Any CPU
		{43FA6C70-6154-4786-946D-423F4F312A43}.Release|Any CPU.ActiveCfg = Release|Any CPU
		{43FA6C70-6154-4786-946D-423F4F312A43}.Release|Any CPU.Build.0 = Release|Any CPU
		{6231E052-A031-44F5-B891-6ECA8812D2E2}.Debug|Any CPU.ActiveCfg = Debug|Any CPU
		{6231E052-A031-44F5-B891-6ECA8812D2E2}.Debug|Any CPU.Build.0 = Debug|Any CPU
		{6231E052-A031-44F5-B891-6ECA8812D2E2}.Release|Any CPU.ActiveCfg = Release|Any CPU
		{6231E052-A031-44F5-B891-6ECA8812D2E2}.Release|Any CPU.Build.0 = Release|Any CPU
		{127C2D8A-1F56-4CDB-A3CF-9BFD6B88D32D}.Debug|Any CPU.ActiveCfg = Debug|Any CPU
		{127C2D8A-1F56-4CDB-A3CF-9BFD6B88D32D}.Debug|Any CPU.Build.0 = Debug|Any CPU
		{127C2D8A-1F56-4CDB-A3CF-9BFD6B88D32D}.Release|Any CPU.ActiveCfg = Release|Any CPU
		{127C2D8A-1F56-4CDB-A3CF-9BFD6B88D32D}.Release|Any CPU.Build.0 = Release|Any CPU
		{B2B8FDB3-6D4F-4660-BDF8-5B608FAF0F1A}.Debug|Any CPU.ActiveCfg = Debug|Any CPU
		{B2B8FDB3-6D4F-4660-BDF8-5B608FAF0F1A}.Debug|Any CPU.Build.0 = Debug|Any CPU
		{B2B8FDB3-6D4F-4660-BDF8-5B608FAF0F1A}.Release|Any CPU.ActiveCfg = Release|Any CPU
		{B2B8FDB3-6D4F-4660-BDF8-5B608FAF0F1A}.Release|Any CPU.Build.0 = Release|Any CPU
		{FB85AFDE-A178-4250-B574-BF0993AAE96B}.Debug|Any CPU.ActiveCfg = Debug|Any CPU
		{FB85AFDE-A178-4250-B574-BF0993AAE96B}.Debug|Any CPU.Build.0 = Debug|Any CPU
		{FB85AFDE-A178-4250-B574-BF0993AAE96B}.Release|Any CPU.ActiveCfg = Release|Any CPU
		{FB85AFDE-A178-4250-B574-BF0993AAE96B}.Release|Any CPU.Build.0 = Release|Any CPU
		{ABFF2EE9-5CED-40AA-AC5F-F998AC5D84FD}.Debug|Any CPU.ActiveCfg = Debug|Any CPU
		{ABFF2EE9-5CED-40AA-AC5F-F998AC5D84FD}.Debug|Any CPU.Build.0 = Debug|Any CPU
		{ABFF2EE9-5CED-40AA-AC5F-F998AC5D84FD}.Release|Any CPU.ActiveCfg = Release|Any CPU
		{ABFF2EE9-5CED-40AA-AC5F-F998AC5D84FD}.Release|Any CPU.Build.0 = Release|Any CPU
		{B1B38CCD-F2C9-4786-B7BB-8CB96833125A}.Debug|Any CPU.ActiveCfg = Debug|Any CPU
		{B1B38CCD-F2C9-4786-B7BB-8CB96833125A}.Debug|Any CPU.Build.0 = Debug|Any CPU
		{B1B38CCD-F2C9-4786-B7BB-8CB96833125A}.Release|Any CPU.ActiveCfg = Release|Any CPU
		{B1B38CCD-F2C9-4786-B7BB-8CB96833125A}.Release|Any CPU.Build.0 = Release|Any CPU
		{A6ADF344-9276-4150-A363-C0293DD436C4}.Debug|Any CPU.ActiveCfg = Debug|Any CPU
		{A6ADF344-9276-4150-A363-C0293DD436C4}.Debug|Any CPU.Build.0 = Debug|Any CPU
		{A6ADF344-9276-4150-A363-C0293DD436C4}.Release|Any CPU.ActiveCfg = Release|Any CPU
		{A6ADF344-9276-4150-A363-C0293DD436C4}.Release|Any CPU.Build.0 = Release|Any CPU
		{5908BC73-40E7-43A7-A128-6A8E1CD90E29}.Debug|Any CPU.ActiveCfg = Debug|Any CPU
		{5908BC73-40E7-43A7-A128-6A8E1CD90E29}.Debug|Any CPU.Build.0 = Debug|Any CPU
		{5908BC73-40E7-43A7-A128-6A8E1CD90E29}.Release|Any CPU.ActiveCfg = Release|Any CPU
		{5908BC73-40E7-43A7-A128-6A8E1CD90E29}.Release|Any CPU.Build.0 = Release|Any CPU
		{79586FB4-F22E-4F0E-AC38-66D7DC480BFA}.Debug|Any CPU.ActiveCfg = Debug|Any CPU
		{79586FB4-F22E-4F0E-AC38-66D7DC480BFA}.Debug|Any CPU.Build.0 = Debug|Any CPU
		{79586FB4-F22E-4F0E-AC38-66D7DC480BFA}.Release|Any CPU.ActiveCfg = Release|Any CPU
		{79586FB4-F22E-4F0E-AC38-66D7DC480BFA}.Release|Any CPU.Build.0 = Release|Any CPU
		{31B80075-7244-4DBC-9ECD-E94A0DDA6A9B}.Debug|Any CPU.ActiveCfg = Debug|Any CPU
		{31B80075-7244-4DBC-9ECD-E94A0DDA6A9B}.Debug|Any CPU.Build.0 = Debug|Any CPU
		{31B80075-7244-4DBC-9ECD-E94A0DDA6A9B}.Release|Any CPU.ActiveCfg = Release|Any CPU
		{31B80075-7244-4DBC-9ECD-E94A0DDA6A9B}.Release|Any CPU.Build.0 = Release|Any CPU
		{B8BF4C25-2F1D-40AD-83A2-5A85B97B1121}.Debug|Any CPU.ActiveCfg = Debug|Any CPU
		{B8BF4C25-2F1D-40AD-83A2-5A85B97B1121}.Debug|Any CPU.Build.0 = Debug|Any CPU
		{B8BF4C25-2F1D-40AD-83A2-5A85B97B1121}.Release|Any CPU.ActiveCfg = Release|Any CPU
		{B8BF4C25-2F1D-40AD-83A2-5A85B97B1121}.Release|Any CPU.Build.0 = Release|Any CPU
		{10739EF5-600C-4288-B0B3-868248F33ADB}.Debug|Any CPU.ActiveCfg = Debug|Any CPU
		{10739EF5-600C-4288-B0B3-868248F33ADB}.Debug|Any CPU.Build.0 = Debug|Any CPU
		{10739EF5-600C-4288-B0B3-868248F33ADB}.Release|Any CPU.ActiveCfg = Release|Any CPU
		{10739EF5-600C-4288-B0B3-868248F33ADB}.Release|Any CPU.Build.0 = Release|Any CPU
		{B17848D5-C519-40B7-9CEF-F599ED668C80}.Debug|Any CPU.ActiveCfg = Debug|Any CPU
		{B17848D5-C519-40B7-9CEF-F599ED668C80}.Debug|Any CPU.Build.0 = Debug|Any CPU
		{B17848D5-C519-40B7-9CEF-F599ED668C80}.Release|Any CPU.ActiveCfg = Release|Any CPU
		{B17848D5-C519-40B7-9CEF-F599ED668C80}.Release|Any CPU.Build.0 = Release|Any CPU
		{3AC0ACD5-618D-4F3B-9150-4B763F4F2DA3}.Debug|Any CPU.ActiveCfg = Debug|Any CPU
		{3AC0ACD5-618D-4F3B-9150-4B763F4F2DA3}.Debug|Any CPU.Build.0 = Debug|Any CPU
		{3AC0ACD5-618D-4F3B-9150-4B763F4F2DA3}.Release|Any CPU.ActiveCfg = Release|Any CPU
		{3AC0ACD5-618D-4F3B-9150-4B763F4F2DA3}.Release|Any CPU.Build.0 = Release|Any CPU
		{B0E9F4DB-5169-4CDD-AE42-4668DB3BAB0B}.Debug|Any CPU.ActiveCfg = Debug|Any CPU
		{B0E9F4DB-5169-4CDD-AE42-4668DB3BAB0B}.Debug|Any CPU.Build.0 = Debug|Any CPU
		{B0E9F4DB-5169-4CDD-AE42-4668DB3BAB0B}.Release|Any CPU.ActiveCfg = Release|Any CPU
		{B0E9F4DB-5169-4CDD-AE42-4668DB3BAB0B}.Release|Any CPU.Build.0 = Release|Any CPU
		{8DB22F4A-61C1-4632-B963-860E65E884C7}.Debug|Any CPU.ActiveCfg = Debug|Any CPU
		{8DB22F4A-61C1-4632-B963-860E65E884C7}.Debug|Any CPU.Build.0 = Debug|Any CPU
		{8DB22F4A-61C1-4632-B963-860E65E884C7}.Release|Any CPU.ActiveCfg = Release|Any CPU
		{8DB22F4A-61C1-4632-B963-860E65E884C7}.Release|Any CPU.Build.0 = Release|Any CPU
		{FBD176DF-8DE5-407E-AA57-69BF1C1E2201}.Debug|Any CPU.ActiveCfg = Debug|Any CPU
		{FBD176DF-8DE5-407E-AA57-69BF1C1E2201}.Debug|Any CPU.Build.0 = Debug|Any CPU
		{FBD176DF-8DE5-407E-AA57-69BF1C1E2201}.Release|Any CPU.ActiveCfg = Release|Any CPU
		{FBD176DF-8DE5-407E-AA57-69BF1C1E2201}.Release|Any CPU.Build.0 = Release|Any CPU
		{C33B7136-C40B-4128-A0BB-6FFFB452C1B7}.Debug|Any CPU.ActiveCfg = Debug|Any CPU
		{C33B7136-C40B-4128-A0BB-6FFFB452C1B7}.Debug|Any CPU.Build.0 = Debug|Any CPU
		{C33B7136-C40B-4128-A0BB-6FFFB452C1B7}.Release|Any CPU.ActiveCfg = Release|Any CPU
		{C33B7136-C40B-4128-A0BB-6FFFB452C1B7}.Release|Any CPU.Build.0 = Release|Any CPU
		{8ABC603A-0346-4B1F-AC66-65C3000E570E}.Debug|Any CPU.ActiveCfg = Debug|Any CPU
		{8ABC603A-0346-4B1F-AC66-65C3000E570E}.Debug|Any CPU.Build.0 = Debug|Any CPU
		{8ABC603A-0346-4B1F-AC66-65C3000E570E}.Release|Any CPU.ActiveCfg = Release|Any CPU
		{8ABC603A-0346-4B1F-AC66-65C3000E570E}.Release|Any CPU.Build.0 = Release|Any CPU
		{E1B5ED4A-BA9B-4969-BE42-DAEF5C66B704}.Debug|Any CPU.ActiveCfg = Debug|Any CPU
		{E1B5ED4A-BA9B-4969-BE42-DAEF5C66B704}.Debug|Any CPU.Build.0 = Debug|Any CPU
		{E1B5ED4A-BA9B-4969-BE42-DAEF5C66B704}.Release|Any CPU.ActiveCfg = Release|Any CPU
		{E1B5ED4A-BA9B-4969-BE42-DAEF5C66B704}.Release|Any CPU.Build.0 = Release|Any CPU
		{E55AC065-8AC8-47A1-9BDD-D531AEA36532}.Debug|Any CPU.ActiveCfg = Debug|Any CPU
		{E55AC065-8AC8-47A1-9BDD-D531AEA36532}.Debug|Any CPU.Build.0 = Debug|Any CPU
		{E55AC065-8AC8-47A1-9BDD-D531AEA36532}.Release|Any CPU.ActiveCfg = Release|Any CPU
		{E55AC065-8AC8-47A1-9BDD-D531AEA36532}.Release|Any CPU.Build.0 = Release|Any CPU
		{6B105515-D55C-4A0E-9D41-CB90922D0D3E}.Debug|Any CPU.ActiveCfg = Debug|Any CPU
		{6B105515-D55C-4A0E-9D41-CB90922D0D3E}.Debug|Any CPU.Build.0 = Debug|Any CPU
		{6B105515-D55C-4A0E-9D41-CB90922D0D3E}.Release|Any CPU.ActiveCfg = Release|Any CPU
		{6B105515-D55C-4A0E-9D41-CB90922D0D3E}.Release|Any CPU.Build.0 = Release|Any CPU
		{D42CCA75-3765-441E-A375-51D0512D74C2}.Debug|Any CPU.ActiveCfg = Debug|Any CPU
		{D42CCA75-3765-441E-A375-51D0512D74C2}.Debug|Any CPU.Build.0 = Debug|Any CPU
		{D42CCA75-3765-441E-A375-51D0512D74C2}.Release|Any CPU.ActiveCfg = Release|Any CPU
		{D42CCA75-3765-441E-A375-51D0512D74C2}.Release|Any CPU.Build.0 = Release|Any CPU
		{71BF0990-CABB-4B36-8E11-2FA3808C1B70}.Debug|Any CPU.ActiveCfg = Debug|Any CPU
		{71BF0990-CABB-4B36-8E11-2FA3808C1B70}.Debug|Any CPU.Build.0 = Debug|Any CPU
		{71BF0990-CABB-4B36-8E11-2FA3808C1B70}.Release|Any CPU.ActiveCfg = Release|Any CPU
		{71BF0990-CABB-4B36-8E11-2FA3808C1B70}.Release|Any CPU.Build.0 = Release|Any CPU
		{CC08BB66-FFDC-4BE0-BF1A-FB1DB163244F}.Debug|Any CPU.ActiveCfg = Debug|Any CPU
		{CC08BB66-FFDC-4BE0-BF1A-FB1DB163244F}.Debug|Any CPU.Build.0 = Debug|Any CPU
		{CC08BB66-FFDC-4BE0-BF1A-FB1DB163244F}.Release|Any CPU.ActiveCfg = Release|Any CPU
		{CC08BB66-FFDC-4BE0-BF1A-FB1DB163244F}.Release|Any CPU.Build.0 = Release|Any CPU
		{9839C96A-2FAD-469C-9275-117D2B4C7D39}.Debug|Any CPU.ActiveCfg = Debug|Any CPU
		{9839C96A-2FAD-469C-9275-117D2B4C7D39}.Debug|Any CPU.Build.0 = Debug|Any CPU
		{9839C96A-2FAD-469C-9275-117D2B4C7D39}.Release|Any CPU.ActiveCfg = Release|Any CPU
		{9839C96A-2FAD-469C-9275-117D2B4C7D39}.Release|Any CPU.Build.0 = Release|Any CPU
		{F5E4937E-8461-46F3-8577-44A713BF29CF}.Debug|Any CPU.ActiveCfg = Debug|Any CPU
		{F5E4937E-8461-46F3-8577-44A713BF29CF}.Debug|Any CPU.Build.0 = Debug|Any CPU
		{F5E4937E-8461-46F3-8577-44A713BF29CF}.Release|Any CPU.ActiveCfg = Release|Any CPU
		{F5E4937E-8461-46F3-8577-44A713BF29CF}.Release|Any CPU.Build.0 = Release|Any CPU
		{4219684C-6FAC-414C-B609-E2537E534D6D}.Debug|Any CPU.ActiveCfg = Debug|Any CPU
		{4219684C-6FAC-414C-B609-E2537E534D6D}.Debug|Any CPU.Build.0 = Debug|Any CPU
		{4219684C-6FAC-414C-B609-E2537E534D6D}.Release|Any CPU.ActiveCfg = Release|Any CPU
		{4219684C-6FAC-414C-B609-E2537E534D6D}.Release|Any CPU.Build.0 = Release|Any CPU
		{23490D6C-BD28-4AD3-8AE7-59AD553928B5}.Debug|Any CPU.ActiveCfg = Debug|Any CPU
		{23490D6C-BD28-4AD3-8AE7-59AD553928B5}.Debug|Any CPU.Build.0 = Debug|Any CPU
		{23490D6C-BD28-4AD3-8AE7-59AD553928B5}.Release|Any CPU.ActiveCfg = Release|Any CPU
		{23490D6C-BD28-4AD3-8AE7-59AD553928B5}.Release|Any CPU.Build.0 = Release|Any CPU
		{8F6519A4-F524-44A2-8EAA-640C329A5FB9}.Debug|Any CPU.ActiveCfg = Debug|Any CPU
		{8F6519A4-F524-44A2-8EAA-640C329A5FB9}.Debug|Any CPU.Build.0 = Debug|Any CPU
		{8F6519A4-F524-44A2-8EAA-640C329A5FB9}.Release|Any CPU.ActiveCfg = Release|Any CPU
		{8F6519A4-F524-44A2-8EAA-640C329A5FB9}.Release|Any CPU.Build.0 = Release|Any CPU
		{4A08DCE0-AD5E-4143-A1C9-D12DCE7EC5BB}.Debug|Any CPU.ActiveCfg = Debug|Any CPU
		{4A08DCE0-AD5E-4143-A1C9-D12DCE7EC5BB}.Debug|Any CPU.Build.0 = Debug|Any CPU
		{4A08DCE0-AD5E-4143-A1C9-D12DCE7EC5BB}.Release|Any CPU.ActiveCfg = Release|Any CPU
		{4A08DCE0-AD5E-4143-A1C9-D12DCE7EC5BB}.Release|Any CPU.Build.0 = Release|Any CPU
		{324BA912-3E2B-48E5-89B9-EE87768F4F11}.Debug|Any CPU.ActiveCfg = Debug|Any CPU
		{324BA912-3E2B-48E5-89B9-EE87768F4F11}.Debug|Any CPU.Build.0 = Debug|Any CPU
		{324BA912-3E2B-48E5-89B9-EE87768F4F11}.Release|Any CPU.ActiveCfg = Release|Any CPU
		{324BA912-3E2B-48E5-89B9-EE87768F4F11}.Release|Any CPU.Build.0 = Release|Any CPU
		{06855F5C-51B1-45D6-801E-F9109A6C1F58}.Debug|Any CPU.ActiveCfg = Debug|Any CPU
		{06855F5C-51B1-45D6-801E-F9109A6C1F58}.Debug|Any CPU.Build.0 = Debug|Any CPU
		{06855F5C-51B1-45D6-801E-F9109A6C1F58}.Release|Any CPU.ActiveCfg = Release|Any CPU
		{06855F5C-51B1-45D6-801E-F9109A6C1F58}.Release|Any CPU.Build.0 = Release|Any CPU
		{8924399C-3229-4CD1-8B8A-DEC4D9E77F56}.Debug|Any CPU.ActiveCfg = Debug|Any CPU
		{8924399C-3229-4CD1-8B8A-DEC4D9E77F56}.Debug|Any CPU.Build.0 = Debug|Any CPU
		{8924399C-3229-4CD1-8B8A-DEC4D9E77F56}.Release|Any CPU.ActiveCfg = Release|Any CPU
		{8924399C-3229-4CD1-8B8A-DEC4D9E77F56}.Release|Any CPU.Build.0 = Release|Any CPU
		{EE0A55B5-CC23-414A-9B48-762952E0BC77}.Debug|Any CPU.ActiveCfg = Debug|Any CPU
		{EE0A55B5-CC23-414A-9B48-762952E0BC77}.Debug|Any CPU.Build.0 = Debug|Any CPU
		{EE0A55B5-CC23-414A-9B48-762952E0BC77}.Release|Any CPU.ActiveCfg = Release|Any CPU
		{EE0A55B5-CC23-414A-9B48-762952E0BC77}.Release|Any CPU.Build.0 = Release|Any CPU
		{9445DC2C-45FB-4880-90F2-ECA729515666}.Debug|Any CPU.ActiveCfg = Debug|Any CPU
		{9445DC2C-45FB-4880-90F2-ECA729515666}.Debug|Any CPU.Build.0 = Debug|Any CPU
		{9445DC2C-45FB-4880-90F2-ECA729515666}.Release|Any CPU.ActiveCfg = Release|Any CPU
		{9445DC2C-45FB-4880-90F2-ECA729515666}.Release|Any CPU.Build.0 = Release|Any CPU
		{B591FB07-62B7-48EA-AAC3-D372FA4EB175}.Debug|Any CPU.ActiveCfg = Debug|Any CPU
		{B591FB07-62B7-48EA-AAC3-D372FA4EB175}.Debug|Any CPU.Build.0 = Debug|Any CPU
		{B591FB07-62B7-48EA-AAC3-D372FA4EB175}.Release|Any CPU.ActiveCfg = Release|Any CPU
		{B591FB07-62B7-48EA-AAC3-D372FA4EB175}.Release|Any CPU.Build.0 = Release|Any CPU
		{D89041A4-7FB2-4F85-BFF5-4DB8A9973DBE}.Debug|Any CPU.ActiveCfg = Debug|Any CPU
		{D89041A4-7FB2-4F85-BFF5-4DB8A9973DBE}.Debug|Any CPU.Build.0 = Debug|Any CPU
		{D89041A4-7FB2-4F85-BFF5-4DB8A9973DBE}.Release|Any CPU.ActiveCfg = Release|Any CPU
		{D89041A4-7FB2-4F85-BFF5-4DB8A9973DBE}.Release|Any CPU.Build.0 = Release|Any CPU
		{078C100E-6BE2-4B83-8387-48967DAE18DF}.Debug|Any CPU.ActiveCfg = Debug|Any CPU
		{078C100E-6BE2-4B83-8387-48967DAE18DF}.Debug|Any CPU.Build.0 = Debug|Any CPU
		{078C100E-6BE2-4B83-8387-48967DAE18DF}.Release|Any CPU.ActiveCfg = Release|Any CPU
		{078C100E-6BE2-4B83-8387-48967DAE18DF}.Release|Any CPU.Build.0 = Release|Any CPU
		{EC406091-95A2-4886-AD68-4516FBB7E497}.Debug|Any CPU.ActiveCfg = Debug|Any CPU
		{EC406091-95A2-4886-AD68-4516FBB7E497}.Debug|Any CPU.Build.0 = Debug|Any CPU
		{EC406091-95A2-4886-AD68-4516FBB7E497}.Release|Any CPU.ActiveCfg = Release|Any CPU
		{EC406091-95A2-4886-AD68-4516FBB7E497}.Release|Any CPU.Build.0 = Release|Any CPU
		{005EA53D-16F6-48E9-9CDE-9BE3D1486168}.Debug|Any CPU.ActiveCfg = Debug|Any CPU
		{005EA53D-16F6-48E9-9CDE-9BE3D1486168}.Debug|Any CPU.Build.0 = Debug|Any CPU
		{005EA53D-16F6-48E9-9CDE-9BE3D1486168}.Release|Any CPU.ActiveCfg = Release|Any CPU
		{005EA53D-16F6-48E9-9CDE-9BE3D1486168}.Release|Any CPU.Build.0 = Release|Any CPU
		{9FF1C051-3BC0-4180-AD76-D9D97C933F95}.Debug|Any CPU.ActiveCfg = Debug|Any CPU
		{9FF1C051-3BC0-4180-AD76-D9D97C933F95}.Debug|Any CPU.Build.0 = Debug|Any CPU
		{9FF1C051-3BC0-4180-AD76-D9D97C933F95}.Release|Any CPU.ActiveCfg = Release|Any CPU
		{9FF1C051-3BC0-4180-AD76-D9D97C933F95}.Release|Any CPU.Build.0 = Release|Any CPU
		{4332B069-0AC5-4F85-8BA5-E8E3EBC488BA}.Debug|Any CPU.ActiveCfg = Debug|Any CPU
		{4332B069-0AC5-4F85-8BA5-E8E3EBC488BA}.Debug|Any CPU.Build.0 = Debug|Any CPU
		{4332B069-0AC5-4F85-8BA5-E8E3EBC488BA}.Release|Any CPU.ActiveCfg = Release|Any CPU
		{4332B069-0AC5-4F85-8BA5-E8E3EBC488BA}.Release|Any CPU.Build.0 = Release|Any CPU
		{256C22DE-60E2-4DC0-818E-138DCDD51C13}.Debug|Any CPU.ActiveCfg = Debug|Any CPU
		{256C22DE-60E2-4DC0-818E-138DCDD51C13}.Debug|Any CPU.Build.0 = Debug|Any CPU
		{256C22DE-60E2-4DC0-818E-138DCDD51C13}.Release|Any CPU.ActiveCfg = Release|Any CPU
		{256C22DE-60E2-4DC0-818E-138DCDD51C13}.Release|Any CPU.Build.0 = Release|Any CPU
		{00ADEC07-2011-4B94-A4DB-66606A338203}.Debug|Any CPU.ActiveCfg = Debug|Any CPU
		{00ADEC07-2011-4B94-A4DB-66606A338203}.Debug|Any CPU.Build.0 = Debug|Any CPU
		{00ADEC07-2011-4B94-A4DB-66606A338203}.Release|Any CPU.ActiveCfg = Release|Any CPU
		{00ADEC07-2011-4B94-A4DB-66606A338203}.Release|Any CPU.Build.0 = Release|Any CPU
		{6E4CB3C4-95BF-46B9-B79F-85C609F42FFA}.Debug|Any CPU.ActiveCfg = Debug|Any CPU
		{6E4CB3C4-95BF-46B9-B79F-85C609F42FFA}.Debug|Any CPU.Build.0 = Debug|Any CPU
		{6E4CB3C4-95BF-46B9-B79F-85C609F42FFA}.Release|Any CPU.ActiveCfg = Release|Any CPU
		{6E4CB3C4-95BF-46B9-B79F-85C609F42FFA}.Release|Any CPU.Build.0 = Release|Any CPU
		{C524AF5E-549B-43E6-84DC-6557ED91AE98}.Debug|Any CPU.ActiveCfg = Debug|Any CPU
		{C524AF5E-549B-43E6-84DC-6557ED91AE98}.Debug|Any CPU.Build.0 = Debug|Any CPU
		{C524AF5E-549B-43E6-84DC-6557ED91AE98}.Release|Any CPU.ActiveCfg = Release|Any CPU
		{C524AF5E-549B-43E6-84DC-6557ED91AE98}.Release|Any CPU.Build.0 = Release|Any CPU
		{B29F6561-6274-432B-B817-9EEB0FF03172}.Debug|Any CPU.ActiveCfg = Debug|Any CPU
		{B29F6561-6274-432B-B817-9EEB0FF03172}.Debug|Any CPU.Build.0 = Debug|Any CPU
		{B29F6561-6274-432B-B817-9EEB0FF03172}.Release|Any CPU.ActiveCfg = Release|Any CPU
		{B29F6561-6274-432B-B817-9EEB0FF03172}.Release|Any CPU.Build.0 = Release|Any CPU
		{EAC433BD-F209-467F-A102-FE4A8909C86C}.Debug|Any CPU.ActiveCfg = Debug|Any CPU
		{EAC433BD-F209-467F-A102-FE4A8909C86C}.Debug|Any CPU.Build.0 = Debug|Any CPU
		{EAC433BD-F209-467F-A102-FE4A8909C86C}.Release|Any CPU.ActiveCfg = Release|Any CPU
		{EAC433BD-F209-467F-A102-FE4A8909C86C}.Release|Any CPU.Build.0 = Release|Any CPU
		{685A7E67-23FA-4C8B-B5AB-A045A14E0C4C}.Debug|Any CPU.ActiveCfg = Debug|Any CPU
		{685A7E67-23FA-4C8B-B5AB-A045A14E0C4C}.Debug|Any CPU.Build.0 = Debug|Any CPU
		{685A7E67-23FA-4C8B-B5AB-A045A14E0C4C}.Release|Any CPU.ActiveCfg = Release|Any CPU
		{685A7E67-23FA-4C8B-B5AB-A045A14E0C4C}.Release|Any CPU.Build.0 = Release|Any CPU
		{E35B788E-3F03-4874-99E7-136C2CFE5F8D}.Debug|Any CPU.ActiveCfg = Debug|Any CPU
		{E35B788E-3F03-4874-99E7-136C2CFE5F8D}.Debug|Any CPU.Build.0 = Debug|Any CPU
		{E35B788E-3F03-4874-99E7-136C2CFE5F8D}.Release|Any CPU.ActiveCfg = Release|Any CPU
		{E35B788E-3F03-4874-99E7-136C2CFE5F8D}.Release|Any CPU.Build.0 = Release|Any CPU
		{65A95FA8-384C-4BF5-8A2A-C758569EAEB1}.Debug|Any CPU.ActiveCfg = Debug|Any CPU
		{65A95FA8-384C-4BF5-8A2A-C758569EAEB1}.Debug|Any CPU.Build.0 = Debug|Any CPU
		{65A95FA8-384C-4BF5-8A2A-C758569EAEB1}.Release|Any CPU.ActiveCfg = Release|Any CPU
		{65A95FA8-384C-4BF5-8A2A-C758569EAEB1}.Release|Any CPU.Build.0 = Release|Any CPU
		{3E56E8D2-CDD9-4F56-B4C7-DB3295215431}.Debug|Any CPU.ActiveCfg = Debug|Any CPU
		{3E56E8D2-CDD9-4F56-B4C7-DB3295215431}.Debug|Any CPU.Build.0 = Debug|Any CPU
		{3E56E8D2-CDD9-4F56-B4C7-DB3295215431}.Release|Any CPU.ActiveCfg = Release|Any CPU
		{3E56E8D2-CDD9-4F56-B4C7-DB3295215431}.Release|Any CPU.Build.0 = Release|Any CPU
		{C664CAD0-E6A9-40C8-A728-9373F7FD305D}.Debug|Any CPU.ActiveCfg = Debug|Any CPU
		{C664CAD0-E6A9-40C8-A728-9373F7FD305D}.Debug|Any CPU.Build.0 = Debug|Any CPU
		{C664CAD0-E6A9-40C8-A728-9373F7FD305D}.Release|Any CPU.ActiveCfg = Release|Any CPU
		{C664CAD0-E6A9-40C8-A728-9373F7FD305D}.Release|Any CPU.Build.0 = Release|Any CPU
		{A2AEC6DC-B2CC-4A51-9175-424B186E5526}.Debug|Any CPU.ActiveCfg = Debug|Any CPU
		{A2AEC6DC-B2CC-4A51-9175-424B186E5526}.Debug|Any CPU.Build.0 = Debug|Any CPU
		{A2AEC6DC-B2CC-4A51-9175-424B186E5526}.Release|Any CPU.ActiveCfg = Release|Any CPU
		{A2AEC6DC-B2CC-4A51-9175-424B186E5526}.Release|Any CPU.Build.0 = Release|Any CPU
		{3BA92512-CAF0-4F2F-BA54-7043904A2ADB}.Debug|Any CPU.ActiveCfg = Debug|Any CPU
		{3BA92512-CAF0-4F2F-BA54-7043904A2ADB}.Debug|Any CPU.Build.0 = Debug|Any CPU
		{3BA92512-CAF0-4F2F-BA54-7043904A2ADB}.Release|Any CPU.ActiveCfg = Release|Any CPU
		{3BA92512-CAF0-4F2F-BA54-7043904A2ADB}.Release|Any CPU.Build.0 = Release|Any CPU
		{A064C09F-4E92-4D94-8C89-2D1C1F5F5A1D}.Debug|Any CPU.ActiveCfg = Debug|Any CPU
		{A064C09F-4E92-4D94-8C89-2D1C1F5F5A1D}.Debug|Any CPU.Build.0 = Debug|Any CPU
		{A064C09F-4E92-4D94-8C89-2D1C1F5F5A1D}.Release|Any CPU.ActiveCfg = Release|Any CPU
		{A064C09F-4E92-4D94-8C89-2D1C1F5F5A1D}.Release|Any CPU.Build.0 = Release|Any CPU
		{E16D06DB-5E77-444A-B102-D04701E29464}.Debug|Any CPU.ActiveCfg = Debug|Any CPU
		{E16D06DB-5E77-444A-B102-D04701E29464}.Debug|Any CPU.Build.0 = Debug|Any CPU
		{E16D06DB-5E77-444A-B102-D04701E29464}.Release|Any CPU.ActiveCfg = Release|Any CPU
		{E16D06DB-5E77-444A-B102-D04701E29464}.Release|Any CPU.Build.0 = Release|Any CPU
		{F7B7B7C3-34BE-46B8-8CBC-6C173E7009BF}.Debug|Any CPU.ActiveCfg = Debug|Any CPU
		{F7B7B7C3-34BE-46B8-8CBC-6C173E7009BF}.Debug|Any CPU.Build.0 = Debug|Any CPU
		{F7B7B7C3-34BE-46B8-8CBC-6C173E7009BF}.Release|Any CPU.ActiveCfg = Release|Any CPU
		{F7B7B7C3-34BE-46B8-8CBC-6C173E7009BF}.Release|Any CPU.Build.0 = Release|Any CPU
		{45EA871C-E19F-43AD-9ECF-1BBFF4AFFAF0}.Debug|Any CPU.ActiveCfg = Debug|Any CPU
		{45EA871C-E19F-43AD-9ECF-1BBFF4AFFAF0}.Debug|Any CPU.Build.0 = Debug|Any CPU
		{45EA871C-E19F-43AD-9ECF-1BBFF4AFFAF0}.Release|Any CPU.ActiveCfg = Release|Any CPU
		{45EA871C-E19F-43AD-9ECF-1BBFF4AFFAF0}.Release|Any CPU.Build.0 = Release|Any CPU
		{E555C5D1-DA94-46AD-B35C-03E90821F428}.Debug|Any CPU.ActiveCfg = Debug|Any CPU
		{E555C5D1-DA94-46AD-B35C-03E90821F428}.Debug|Any CPU.Build.0 = Debug|Any CPU
		{E555C5D1-DA94-46AD-B35C-03E90821F428}.Release|Any CPU.ActiveCfg = Release|Any CPU
		{E555C5D1-DA94-46AD-B35C-03E90821F428}.Release|Any CPU.Build.0 = Release|Any CPU
		{FA7BDC3C-E6DE-4D16-A42F-5A972DD3A961}.Debug|Any CPU.ActiveCfg = Debug|Any CPU
		{FA7BDC3C-E6DE-4D16-A42F-5A972DD3A961}.Debug|Any CPU.Build.0 = Debug|Any CPU
		{FA7BDC3C-E6DE-4D16-A42F-5A972DD3A961}.Release|Any CPU.ActiveCfg = Release|Any CPU
		{FA7BDC3C-E6DE-4D16-A42F-5A972DD3A961}.Release|Any CPU.Build.0 = Release|Any CPU
		{1FB62397-701F-4695-A358-833973C01928}.Debug|Any CPU.ActiveCfg = Debug|Any CPU
		{1FB62397-701F-4695-A358-833973C01928}.Debug|Any CPU.Build.0 = Debug|Any CPU
		{1FB62397-701F-4695-A358-833973C01928}.Release|Any CPU.ActiveCfg = Release|Any CPU
		{1FB62397-701F-4695-A358-833973C01928}.Release|Any CPU.Build.0 = Release|Any CPU
		{31689737-39E4-4EFC-A2C1-8138FC302011}.Debug|Any CPU.ActiveCfg = Debug|Any CPU
		{31689737-39E4-4EFC-A2C1-8138FC302011}.Debug|Any CPU.Build.0 = Debug|Any CPU
		{31689737-39E4-4EFC-A2C1-8138FC302011}.Release|Any CPU.ActiveCfg = Release|Any CPU
		{31689737-39E4-4EFC-A2C1-8138FC302011}.Release|Any CPU.Build.0 = Release|Any CPU
		{DF65A145-D149-476E-A31F-7BA0CD0E9573}.Debug|Any CPU.ActiveCfg = Debug|Any CPU
		{DF65A145-D149-476E-A31F-7BA0CD0E9573}.Debug|Any CPU.Build.0 = Debug|Any CPU
		{DF65A145-D149-476E-A31F-7BA0CD0E9573}.Release|Any CPU.ActiveCfg = Release|Any CPU
		{DF65A145-D149-476E-A31F-7BA0CD0E9573}.Release|Any CPU.Build.0 = Release|Any CPU
		{EE6C3276-D1CD-497E-B6AA-134A1D9505F3}.Debug|Any CPU.ActiveCfg = Debug|Any CPU
		{EE6C3276-D1CD-497E-B6AA-134A1D9505F3}.Debug|Any CPU.Build.0 = Debug|Any CPU
		{EE6C3276-D1CD-497E-B6AA-134A1D9505F3}.Release|Any CPU.ActiveCfg = Release|Any CPU
		{EE6C3276-D1CD-497E-B6AA-134A1D9505F3}.Release|Any CPU.Build.0 = Release|Any CPU
		{B1B1D5BE-571A-4DC8-8384-02C9F18947D3}.Debug|Any CPU.ActiveCfg = Debug|Any CPU
		{B1B1D5BE-571A-4DC8-8384-02C9F18947D3}.Debug|Any CPU.Build.0 = Debug|Any CPU
		{B1B1D5BE-571A-4DC8-8384-02C9F18947D3}.Release|Any CPU.ActiveCfg = Release|Any CPU
		{B1B1D5BE-571A-4DC8-8384-02C9F18947D3}.Release|Any CPU.Build.0 = Release|Any CPU
		{6FD6CDFA-0BD3-4A5C-9371-7658D459DF08}.Debug|Any CPU.ActiveCfg = Debug|Any CPU
		{6FD6CDFA-0BD3-4A5C-9371-7658D459DF08}.Debug|Any CPU.Build.0 = Debug|Any CPU
		{6FD6CDFA-0BD3-4A5C-9371-7658D459DF08}.Release|Any CPU.ActiveCfg = Release|Any CPU
		{6FD6CDFA-0BD3-4A5C-9371-7658D459DF08}.Release|Any CPU.Build.0 = Release|Any CPU
		{F5A53D5D-30F9-40B4-8BC8-6C458723AA9D}.Debug|Any CPU.ActiveCfg = Debug|Any CPU
		{F5A53D5D-30F9-40B4-8BC8-6C458723AA9D}.Debug|Any CPU.Build.0 = Debug|Any CPU
		{F5A53D5D-30F9-40B4-8BC8-6C458723AA9D}.Release|Any CPU.ActiveCfg = Release|Any CPU
		{F5A53D5D-30F9-40B4-8BC8-6C458723AA9D}.Release|Any CPU.Build.0 = Release|Any CPU
		{3AF06AEB-9E7F-4A6D-9704-FD723DF75447}.Debug|Any CPU.ActiveCfg = Debug|Any CPU
		{3AF06AEB-9E7F-4A6D-9704-FD723DF75447}.Debug|Any CPU.Build.0 = Debug|Any CPU
		{3AF06AEB-9E7F-4A6D-9704-FD723DF75447}.Release|Any CPU.ActiveCfg = Release|Any CPU
		{3AF06AEB-9E7F-4A6D-9704-FD723DF75447}.Release|Any CPU.Build.0 = Release|Any CPU
		{01C6C27B-D448-45BD-B031-2CC409DC6BF2}.Debug|Any CPU.ActiveCfg = Debug|Any CPU
		{01C6C27B-D448-45BD-B031-2CC409DC6BF2}.Debug|Any CPU.Build.0 = Debug|Any CPU
		{01C6C27B-D448-45BD-B031-2CC409DC6BF2}.Release|Any CPU.ActiveCfg = Release|Any CPU
		{01C6C27B-D448-45BD-B031-2CC409DC6BF2}.Release|Any CPU.Build.0 = Release|Any CPU
		{8F8CCFBD-1180-45D3-9496-29E17EAE7992}.Debug|Any CPU.ActiveCfg = Debug|Any CPU
		{8F8CCFBD-1180-45D3-9496-29E17EAE7992}.Debug|Any CPU.Build.0 = Debug|Any CPU
		{8F8CCFBD-1180-45D3-9496-29E17EAE7992}.Release|Any CPU.ActiveCfg = Release|Any CPU
		{8F8CCFBD-1180-45D3-9496-29E17EAE7992}.Release|Any CPU.Build.0 = Release|Any CPU
		{8E828EAC-27A7-4630-87B3-FFD4BE9850CB}.Debug|Any CPU.ActiveCfg = Debug|Any CPU
		{8E828EAC-27A7-4630-87B3-FFD4BE9850CB}.Debug|Any CPU.Build.0 = Debug|Any CPU
		{8E828EAC-27A7-4630-87B3-FFD4BE9850CB}.Release|Any CPU.ActiveCfg = Release|Any CPU
		{8E828EAC-27A7-4630-87B3-FFD4BE9850CB}.Release|Any CPU.Build.0 = Release|Any CPU
		{5D516EBF-D204-4C33-A9D0-21FC1D73B64E}.Debug|Any CPU.ActiveCfg = Debug|Any CPU
		{5D516EBF-D204-4C33-A9D0-21FC1D73B64E}.Debug|Any CPU.Build.0 = Debug|Any CPU
		{5D516EBF-D204-4C33-A9D0-21FC1D73B64E}.Release|Any CPU.ActiveCfg = Release|Any CPU
		{5D516EBF-D204-4C33-A9D0-21FC1D73B64E}.Release|Any CPU.Build.0 = Release|Any CPU
		{4F8286C1-CAEE-4C9B-B0E4-CB51A69CC8C5}.Debug|Any CPU.ActiveCfg = Debug|Any CPU
		{4F8286C1-CAEE-4C9B-B0E4-CB51A69CC8C5}.Debug|Any CPU.Build.0 = Debug|Any CPU
		{4F8286C1-CAEE-4C9B-B0E4-CB51A69CC8C5}.Release|Any CPU.ActiveCfg = Release|Any CPU
		{4F8286C1-CAEE-4C9B-B0E4-CB51A69CC8C5}.Release|Any CPU.Build.0 = Release|Any CPU
		{80EA2547-3939-445B-9FF2-8ACD103BA885}.Debug|Any CPU.ActiveCfg = Debug|Any CPU
		{80EA2547-3939-445B-9FF2-8ACD103BA885}.Debug|Any CPU.Build.0 = Debug|Any CPU
		{80EA2547-3939-445B-9FF2-8ACD103BA885}.Release|Any CPU.ActiveCfg = Release|Any CPU
		{80EA2547-3939-445B-9FF2-8ACD103BA885}.Release|Any CPU.Build.0 = Release|Any CPU
		{850175EF-23C6-49C8-B2D6-4DA1618F5F9F}.Debug|Any CPU.ActiveCfg = Debug|Any CPU
		{850175EF-23C6-49C8-B2D6-4DA1618F5F9F}.Debug|Any CPU.Build.0 = Debug|Any CPU
		{850175EF-23C6-49C8-B2D6-4DA1618F5F9F}.Release|Any CPU.ActiveCfg = Release|Any CPU
		{850175EF-23C6-49C8-B2D6-4DA1618F5F9F}.Release|Any CPU.Build.0 = Release|Any CPU
		{9DA22EC8-40F0-4366-B434-F3AC4EFBB520}.Debug|Any CPU.ActiveCfg = Debug|Any CPU
		{9DA22EC8-40F0-4366-B434-F3AC4EFBB520}.Debug|Any CPU.Build.0 = Debug|Any CPU
		{9DA22EC8-40F0-4366-B434-F3AC4EFBB520}.Release|Any CPU.ActiveCfg = Release|Any CPU
		{9DA22EC8-40F0-4366-B434-F3AC4EFBB520}.Release|Any CPU.Build.0 = Release|Any CPU
		{ED75D400-C97E-4C81-9078-BE30A57FEE8A}.Debug|Any CPU.ActiveCfg = Debug|Any CPU
		{ED75D400-C97E-4C81-9078-BE30A57FEE8A}.Debug|Any CPU.Build.0 = Debug|Any CPU
		{ED75D400-C97E-4C81-9078-BE30A57FEE8A}.Release|Any CPU.ActiveCfg = Release|Any CPU
		{ED75D400-C97E-4C81-9078-BE30A57FEE8A}.Release|Any CPU.Build.0 = Release|Any CPU
		{6C28DD5A-D33D-4E74-9DC5-C6A52B66AB7D}.Debug|Any CPU.ActiveCfg = Debug|Any CPU
		{6C28DD5A-D33D-4E74-9DC5-C6A52B66AB7D}.Debug|Any CPU.Build.0 = Debug|Any CPU
		{6C28DD5A-D33D-4E74-9DC5-C6A52B66AB7D}.Release|Any CPU.ActiveCfg = Release|Any CPU
		{6C28DD5A-D33D-4E74-9DC5-C6A52B66AB7D}.Release|Any CPU.Build.0 = Release|Any CPU
		{04D8BB46-749E-4049-814E-96C168D35297}.Debug|Any CPU.ActiveCfg = Debug|Any CPU
		{04D8BB46-749E-4049-814E-96C168D35297}.Debug|Any CPU.Build.0 = Debug|Any CPU
		{04D8BB46-749E-4049-814E-96C168D35297}.Release|Any CPU.ActiveCfg = Release|Any CPU
		{04D8BB46-749E-4049-814E-96C168D35297}.Release|Any CPU.Build.0 = Release|Any CPU
		{D1A5A320-5BE0-4C27-8E93-882358555EC1}.Debug|Any CPU.ActiveCfg = Debug|Any CPU
		{D1A5A320-5BE0-4C27-8E93-882358555EC1}.Debug|Any CPU.Build.0 = Debug|Any CPU
		{D1A5A320-5BE0-4C27-8E93-882358555EC1}.Release|Any CPU.ActiveCfg = Release|Any CPU
		{D1A5A320-5BE0-4C27-8E93-882358555EC1}.Release|Any CPU.Build.0 = Release|Any CPU
		{5053E81E-2682-4F2A-8ADA-1467E522D645}.Debug|Any CPU.ActiveCfg = Debug|Any CPU
		{5053E81E-2682-4F2A-8ADA-1467E522D645}.Debug|Any CPU.Build.0 = Debug|Any CPU
		{5053E81E-2682-4F2A-8ADA-1467E522D645}.Release|Any CPU.ActiveCfg = Release|Any CPU
		{5053E81E-2682-4F2A-8ADA-1467E522D645}.Release|Any CPU.Build.0 = Release|Any CPU
		{20B41801-5D19-45AC-A1CE-8001B759487F}.Debug|Any CPU.ActiveCfg = Debug|Any CPU
		{20B41801-5D19-45AC-A1CE-8001B759487F}.Debug|Any CPU.Build.0 = Debug|Any CPU
		{20B41801-5D19-45AC-A1CE-8001B759487F}.Release|Any CPU.ActiveCfg = Release|Any CPU
		{20B41801-5D19-45AC-A1CE-8001B759487F}.Release|Any CPU.Build.0 = Release|Any CPU
		{5BE363F8-69CD-48B9-957A-8AE84DC81EAB}.Debug|Any CPU.ActiveCfg = Debug|Any CPU
		{5BE363F8-69CD-48B9-957A-8AE84DC81EAB}.Debug|Any CPU.Build.0 = Debug|Any CPU
		{5BE363F8-69CD-48B9-957A-8AE84DC81EAB}.Release|Any CPU.ActiveCfg = Release|Any CPU
		{5BE363F8-69CD-48B9-957A-8AE84DC81EAB}.Release|Any CPU.Build.0 = Release|Any CPU
		{3586F061-E6FF-48BC-BB93-5C8EE1DE3F57}.Debug|Any CPU.ActiveCfg = Debug|Any CPU
		{3586F061-E6FF-48BC-BB93-5C8EE1DE3F57}.Debug|Any CPU.Build.0 = Debug|Any CPU
		{3586F061-E6FF-48BC-BB93-5C8EE1DE3F57}.Release|Any CPU.ActiveCfg = Release|Any CPU
		{3586F061-E6FF-48BC-BB93-5C8EE1DE3F57}.Release|Any CPU.Build.0 = Release|Any CPU
		{735A47AE-6339-458E-BC42-4A9E9DF22E64}.Debug|Any CPU.ActiveCfg = Debug|Any CPU
		{735A47AE-6339-458E-BC42-4A9E9DF22E64}.Debug|Any CPU.Build.0 = Debug|Any CPU
		{735A47AE-6339-458E-BC42-4A9E9DF22E64}.Release|Any CPU.ActiveCfg = Release|Any CPU
		{735A47AE-6339-458E-BC42-4A9E9DF22E64}.Release|Any CPU.Build.0 = Release|Any CPU
		{2F189A11-E664-4959-8414-6D6E229BFEA6}.Debug|Any CPU.ActiveCfg = Debug|Any CPU
		{2F189A11-E664-4959-8414-6D6E229BFEA6}.Debug|Any CPU.Build.0 = Debug|Any CPU
		{2F189A11-E664-4959-8414-6D6E229BFEA6}.Release|Any CPU.ActiveCfg = Release|Any CPU
		{2F189A11-E664-4959-8414-6D6E229BFEA6}.Release|Any CPU.Build.0 = Release|Any CPU
		{0033ADCB-2EB3-4B85-9A46-EBEDE37FA5BC}.Debug|Any CPU.ActiveCfg = Debug|Any CPU
		{0033ADCB-2EB3-4B85-9A46-EBEDE37FA5BC}.Debug|Any CPU.Build.0 = Debug|Any CPU
		{0033ADCB-2EB3-4B85-9A46-EBEDE37FA5BC}.Release|Any CPU.ActiveCfg = Release|Any CPU
		{0033ADCB-2EB3-4B85-9A46-EBEDE37FA5BC}.Release|Any CPU.Build.0 = Release|Any CPU
		{689E3B85-444A-4993-A649-1164B822FBAA}.Debug|Any CPU.ActiveCfg = Debug|Any CPU
		{689E3B85-444A-4993-A649-1164B822FBAA}.Debug|Any CPU.Build.0 = Debug|Any CPU
		{689E3B85-444A-4993-A649-1164B822FBAA}.Release|Any CPU.ActiveCfg = Release|Any CPU
		{689E3B85-444A-4993-A649-1164B822FBAA}.Release|Any CPU.Build.0 = Release|Any CPU
		{21A52CBA-C8A4-495D-8EE1-C1B2D5CFF96C}.Debug|Any CPU.ActiveCfg = Debug|Any CPU
		{21A52CBA-C8A4-495D-8EE1-C1B2D5CFF96C}.Debug|Any CPU.Build.0 = Debug|Any CPU
		{21A52CBA-C8A4-495D-8EE1-C1B2D5CFF96C}.Release|Any CPU.ActiveCfg = Release|Any CPU
		{21A52CBA-C8A4-495D-8EE1-C1B2D5CFF96C}.Release|Any CPU.Build.0 = Release|Any CPU
		{D0F0241A-0306-44AD-B59D-340D4222E36D}.Debug|Any CPU.ActiveCfg = Debug|Any CPU
		{D0F0241A-0306-44AD-B59D-340D4222E36D}.Debug|Any CPU.Build.0 = Debug|Any CPU
		{D0F0241A-0306-44AD-B59D-340D4222E36D}.Release|Any CPU.ActiveCfg = Release|Any CPU
		{D0F0241A-0306-44AD-B59D-340D4222E36D}.Release|Any CPU.Build.0 = Release|Any CPU
		{49522A4F-A121-49BC-9053-C9F685F17532}.Debug|Any CPU.ActiveCfg = Debug|Any CPU
		{49522A4F-A121-49BC-9053-C9F685F17532}.Debug|Any CPU.Build.0 = Debug|Any CPU
		{49522A4F-A121-49BC-9053-C9F685F17532}.Release|Any CPU.ActiveCfg = Release|Any CPU
		{49522A4F-A121-49BC-9053-C9F685F17532}.Release|Any CPU.Build.0 = Release|Any CPU
		{87AF76EC-F4B7-4632-A0FF-499D63CD0E80}.Debug|Any CPU.ActiveCfg = Debug|Any CPU
		{87AF76EC-F4B7-4632-A0FF-499D63CD0E80}.Debug|Any CPU.Build.0 = Debug|Any CPU
		{87AF76EC-F4B7-4632-A0FF-499D63CD0E80}.Release|Any CPU.ActiveCfg = Release|Any CPU
		{87AF76EC-F4B7-4632-A0FF-499D63CD0E80}.Release|Any CPU.Build.0 = Release|Any CPU
		{8A55A38A-F3B9-41FC-A83D-00AD37B20804}.Debug|Any CPU.ActiveCfg = Debug|Any CPU
		{8A55A38A-F3B9-41FC-A83D-00AD37B20804}.Debug|Any CPU.Build.0 = Debug|Any CPU
		{8A55A38A-F3B9-41FC-A83D-00AD37B20804}.Release|Any CPU.ActiveCfg = Release|Any CPU
		{8A55A38A-F3B9-41FC-A83D-00AD37B20804}.Release|Any CPU.Build.0 = Release|Any CPU
		{D2A181F7-295C-4251-8BC4-E2400AD5A318}.Debug|Any CPU.ActiveCfg = Debug|Any CPU
		{D2A181F7-295C-4251-8BC4-E2400AD5A318}.Debug|Any CPU.Build.0 = Debug|Any CPU
		{D2A181F7-295C-4251-8BC4-E2400AD5A318}.Release|Any CPU.ActiveCfg = Release|Any CPU
		{D2A181F7-295C-4251-8BC4-E2400AD5A318}.Release|Any CPU.Build.0 = Release|Any CPU
		{CC1333F6-1866-452E-B6BD-74A5B5188B3D}.Debug|Any CPU.ActiveCfg = Debug|Any CPU
		{CC1333F6-1866-452E-B6BD-74A5B5188B3D}.Debug|Any CPU.Build.0 = Debug|Any CPU
		{CC1333F6-1866-452E-B6BD-74A5B5188B3D}.Release|Any CPU.ActiveCfg = Release|Any CPU
		{CC1333F6-1866-452E-B6BD-74A5B5188B3D}.Release|Any CPU.Build.0 = Release|Any CPU
		{3A6E4C14-2B80-41AE-8015-B1275DFC18C6}.Debug|Any CPU.ActiveCfg = Debug|Any CPU
		{3A6E4C14-2B80-41AE-8015-B1275DFC18C6}.Debug|Any CPU.Build.0 = Debug|Any CPU
		{3A6E4C14-2B80-41AE-8015-B1275DFC18C6}.Release|Any CPU.ActiveCfg = Release|Any CPU
		{3A6E4C14-2B80-41AE-8015-B1275DFC18C6}.Release|Any CPU.Build.0 = Release|Any CPU
		{8EF311CB-FCAD-494A-9FA2-382B4FA078CE}.Debug|Any CPU.ActiveCfg = Debug|Any CPU
		{8EF311CB-FCAD-494A-9FA2-382B4FA078CE}.Debug|Any CPU.Build.0 = Debug|Any CPU
		{8EF311CB-FCAD-494A-9FA2-382B4FA078CE}.Release|Any CPU.ActiveCfg = Release|Any CPU
		{8EF311CB-FCAD-494A-9FA2-382B4FA078CE}.Release|Any CPU.Build.0 = Release|Any CPU
	EndGlobalSection
	GlobalSection(SolutionProperties) = preSolution
		HideSolutionNode = FALSE
	EndGlobalSection
	GlobalSection(NestedProjects) = preSolution
		{10AD0875-81FC-4EAC-A37D-F8360C7D07BB} = {02EA681E-C7D8-13C7-8484-4AC65E1B71E8}
		{1EE5079A-AD65-4537-AB05-9EC33855F59E} = {14DF49CB-A054-4B4F-A227-8E61E4DEB519}
		{C0CA3697-CF84-4E02-9F87-2292252E0E8C} = {93F26373-5A5A-490B-BA78-601DAE1F4A1A}
		{E310730E-804B-43F6-9C9D-0E6D00745F6C} = {93F26373-5A5A-490B-BA78-601DAE1F4A1A}
		{B09F2451-DECA-45AD-85E0-A09BB8D670C1} = {A2BBC5B3-676B-497F-B9ED-F34585D76D74}
		{1AA6EAE5-DB63-4372-BC95-4CD0BD141C99} = {93F26373-5A5A-490B-BA78-601DAE1F4A1A}
		{911553A3-D085-4C8C-AF0D-88D1E3181480} = {8573327E-2954-48ED-B1E0-2F19FD61B8B8}
		{F30D859F-6381-4B58-BF9C-2FF923B701BF} = {0CD67F2B-5D0F-475B-882C-2FD8C4EF3AD6}
		{DB776026-C975-446E-8D4A-7ED74E192AF0} = {D7B5C1A8-0179-4C69-B954-2225417FAF0F}
		{03B46844-C0ED-4C5D-B1E9-9BFD9B85DAF8} = {4B9A7945-20BF-4237-84B7-12CA06256DA9}
		{B1C4AD95-9336-4152-B5A2-8FAC30529128} = {82FA5B75-7A18-4800-AD14-CF49907FE12A}
		{A811372B-EA9C-43B5-93AC-817638C38A27} = {561F84CC-F05E-4F7C-B861-C2B7F6849330}
		{C8330FA7-5039-4A21-8F94-988DB1C14083} = {14DF49CB-A054-4B4F-A227-8E61E4DEB519}
		{C6D02B10-8705-4E0B-825D-35DD9E6713D0} = {7DEEB9D1-EA8E-4EE6-8EEA-9D3CDFFF7341}
		{CE982DA3-403C-4202-8740-6423C4BDB876} = {02EA681E-C7D8-13C7-8484-4AC65E1B71E8}
		{2580DD4D-2D5B-45C9-BEE9-39EA672878BA} = {8573327E-2954-48ED-B1E0-2F19FD61B8B8}
		{434AB344-9752-494D-BE96-5E2491B2C102} = {0CD67F2B-5D0F-475B-882C-2FD8C4EF3AD6}
		{F51337F7-0519-43C5-A84E-87D8C5A83373} = {D7B5C1A8-0179-4C69-B954-2225417FAF0F}
		{B80C27B0-3275-4875-95B2-731D87C5A4A0} = {14DF49CB-A054-4B4F-A227-8E61E4DEB519}
		{4A13738A-E2FB-4AB5-A2DB-4F0DA294533C} = {B80C27B0-3275-4875-95B2-731D87C5A4A0}
		{EF41C57D-EDC8-48B4-A145-5015B85E143F} = {CB29DC03-C1AC-4377-AC51-43451BB01E97}
		{F61BA0EA-ED47-4D23-BA2C-60D2F701B7FF} = {CB29DC03-C1AC-4377-AC51-43451BB01E97}
		{DC304A25-597E-405D-8D66-8C8E0FF0DC51} = {7A99F4E2-0720-4105-9DFA-28D2349E91B8}
		{93F26373-5A5A-490B-BA78-601DAE1F4A1A} = {1EE5079A-AD65-4537-AB05-9EC33855F59E}
		{8573327E-2954-48ED-B1E0-2F19FD61B8B8} = {1EE5079A-AD65-4537-AB05-9EC33855F59E}
		{0CD67F2B-5D0F-475B-882C-2FD8C4EF3AD6} = {1EE5079A-AD65-4537-AB05-9EC33855F59E}
		{D7B5C1A8-0179-4C69-B954-2225417FAF0F} = {1EE5079A-AD65-4537-AB05-9EC33855F59E}
		{4B9A7945-20BF-4237-84B7-12CA06256DA9} = {1EE5079A-AD65-4537-AB05-9EC33855F59E}
		{82FA5B75-7A18-4800-AD14-CF49907FE12A} = {1EE5079A-AD65-4537-AB05-9EC33855F59E}
		{561F84CC-F05E-4F7C-B861-C2B7F6849330} = {1EE5079A-AD65-4537-AB05-9EC33855F59E}
		{CB29DC03-C1AC-4377-AC51-43451BB01E97} = {4A13738A-E2FB-4AB5-A2DB-4F0DA294533C}
		{7A99F4E2-0720-4105-9DFA-28D2349E91B8} = {4A13738A-E2FB-4AB5-A2DB-4F0DA294533C}
		{06440DFB-CC99-4774-BA1B-3C8A658113E7} = {8573327E-2954-48ED-B1E0-2F19FD61B8B8}
		{A1F0B234-0E85-4F08-A06F-3ECAB4C9E73E} = {0CD67F2B-5D0F-475B-882C-2FD8C4EF3AD6}
		{DEDA409A-BC27-4A91-AC09-22A34872628E} = {D7B5C1A8-0179-4C69-B954-2225417FAF0F}
		{2C370575-9FAE-4CF1-BE92-858F844C1F00} = {4B9A7945-20BF-4237-84B7-12CA06256DA9}
		{AF740E6A-1D86-4657-8D73-D3FEB0F2854B} = {4B9A7945-20BF-4237-84B7-12CA06256DA9}
		{35E542E6-992E-4415-B806-9B9389743FAD} = {82FA5B75-7A18-4800-AD14-CF49907FE12A}
		{71459B00-1BE3-4A37-8CA9-F7AF55347460} = {82FA5B75-7A18-4800-AD14-CF49907FE12A}
		{257E87F5-0B1F-4B4E-AC31-083A6F440D92} = {561F84CC-F05E-4F7C-B861-C2B7F6849330}
		{BD998F62-B268-4BCC-B1D7-9672948C00CF} = {7A99F4E2-0720-4105-9DFA-28D2349E91B8}
		{40A6D971-06EF-4C47-B3F3-3B71FA85B97A} = {7DEEB9D1-EA8E-4EE6-8EEA-9D3CDFFF7341}
		{7DEEB9D1-EA8E-4EE6-8EEA-9D3CDFFF7341} = {C8330FA7-5039-4A21-8F94-988DB1C14083}
		{43FA6C70-6154-4786-946D-423F4F312A43} = {7DEEB9D1-EA8E-4EE6-8EEA-9D3CDFFF7341}
		{6231E052-A031-44F5-B891-6ECA8812D2E2} = {561F84CC-F05E-4F7C-B861-C2B7F6849330}
		{3D7E3A68-F259-401E-AEF7-D9373A291147} = {18852B8A-EC4B-49AF-A012-9AEAF7C28AFE}
		{127C2D8A-1F56-4CDB-A3CF-9BFD6B88D32D} = {3D7E3A68-F259-401E-AEF7-D9373A291147}
		{B2B8FDB3-6D4F-4660-BDF8-5B608FAF0F1A} = {3D7E3A68-F259-401E-AEF7-D9373A291147}
		{FB85AFDE-A178-4250-B574-BF0993AAE96B} = {3D7E3A68-F259-401E-AEF7-D9373A291147}
		{18852B8A-EC4B-49AF-A012-9AEAF7C28AFE} = {C8330FA7-5039-4A21-8F94-988DB1C14083}
		{B7792C84-3E68-4474-9540-E6E169F897EA} = {18852B8A-EC4B-49AF-A012-9AEAF7C28AFE}
		{ABFF2EE9-5CED-40AA-AC5F-F998AC5D84FD} = {B7792C84-3E68-4474-9540-E6E169F897EA}
		{B1B38CCD-F2C9-4786-B7BB-8CB96833125A} = {B7792C84-3E68-4474-9540-E6E169F897EA}
		{A6ADF344-9276-4150-A363-C0293DD436C4} = {B7792C84-3E68-4474-9540-E6E169F897EA}
		{E111F9EB-2C35-4555-9BA8-33B90E0FCB61} = {18852B8A-EC4B-49AF-A012-9AEAF7C28AFE}
		{5908BC73-40E7-43A7-A128-6A8E1CD90E29} = {E111F9EB-2C35-4555-9BA8-33B90E0FCB61}
		{79586FB4-F22E-4F0E-AC38-66D7DC480BFA} = {E111F9EB-2C35-4555-9BA8-33B90E0FCB61}
		{31B80075-7244-4DBC-9ECD-E94A0DDA6A9B} = {E111F9EB-2C35-4555-9BA8-33B90E0FCB61}
		{D312A073-B0E8-4DFE-8118-179DCD7082CC} = {C8330FA7-5039-4A21-8F94-988DB1C14083}
		{B8BF4C25-2F1D-40AD-83A2-5A85B97B1121} = {D312A073-B0E8-4DFE-8118-179DCD7082CC}
		{10739EF5-600C-4288-B0B3-868248F33ADB} = {D312A073-B0E8-4DFE-8118-179DCD7082CC}
		{B17848D5-C519-40B7-9CEF-F599ED668C80} = {D312A073-B0E8-4DFE-8118-179DCD7082CC}
		{FE600674-E441-4705-AB59-038E29A7A75E} = {14DF49CB-A054-4B4F-A227-8E61E4DEB519}
		{3AC0ACD5-618D-4F3B-9150-4B763F4F2DA3} = {02EA681E-C7D8-13C7-8484-4AC65E1B71E8}
		{FC133762-ED05-4658-8B63-7C6E07886C67} = {FE600674-E441-4705-AB59-038E29A7A75E}
		{B0E9F4DB-5169-4CDD-AE42-4668DB3BAB0B} = {FC133762-ED05-4658-8B63-7C6E07886C67}
		{8C2C3DD4-679E-435B-91EE-004F4CC9FF19} = {FE600674-E441-4705-AB59-038E29A7A75E}
		{8DB22F4A-61C1-4632-B963-860E65E884C7} = {8C2C3DD4-679E-435B-91EE-004F4CC9FF19}
		{FBD176DF-8DE5-407E-AA57-69BF1C1E2201} = {FC133762-ED05-4658-8B63-7C6E07886C67}
		{C33B7136-C40B-4128-A0BB-6FFFB452C1B7} = {FC133762-ED05-4658-8B63-7C6E07886C67}
		{8ABC603A-0346-4B1F-AC66-65C3000E570E} = {8C2C3DD4-679E-435B-91EE-004F4CC9FF19}
		{E1B5ED4A-BA9B-4969-BE42-DAEF5C66B704} = {8C2C3DD4-679E-435B-91EE-004F4CC9FF19}
		{D7365CED-5E18-4315-BE63-D5015333D909} = {FE600674-E441-4705-AB59-038E29A7A75E}
		{E55AC065-8AC8-47A1-9BDD-D531AEA36532} = {D7365CED-5E18-4315-BE63-D5015333D909}
		{6B105515-D55C-4A0E-9D41-CB90922D0D3E} = {D7365CED-5E18-4315-BE63-D5015333D909}
		{D42CCA75-3765-441E-A375-51D0512D74C2} = {D7365CED-5E18-4315-BE63-D5015333D909}
		{71BF0990-CABB-4B36-8E11-2FA3808C1B70} = {CB29DC03-C1AC-4377-AC51-43451BB01E97}
		{ED695977-D703-4F04-A4D2-F1C0EED2C825} = {FE600674-E441-4705-AB59-038E29A7A75E}
		{CC08BB66-FFDC-4BE0-BF1A-FB1DB163244F} = {ED695977-D703-4F04-A4D2-F1C0EED2C825}
		{9839C96A-2FAD-469C-9275-117D2B4C7D39} = {ED695977-D703-4F04-A4D2-F1C0EED2C825}
		{F5E4937E-8461-46F3-8577-44A713BF29CF} = {ED695977-D703-4F04-A4D2-F1C0EED2C825}
		{4219684C-6FAC-414C-B609-E2537E534D6D} = {02EA681E-C7D8-13C7-8484-4AC65E1B71E8}
		{7FDD3422-7C33-42C2-A6B3-CA195328681A} = {14DF49CB-A054-4B4F-A227-8E61E4DEB519}
		{E1E3B535-07C8-4630-B5F8-9B2B88264364} = {7FDD3422-7C33-42C2-A6B3-CA195328681A}
		{23490D6C-BD28-4AD3-8AE7-59AD553928B5} = {E1E3B535-07C8-4630-B5F8-9B2B88264364}
		{8F6519A4-F524-44A2-8EAA-640C329A5FB9} = {E1E3B535-07C8-4630-B5F8-9B2B88264364}
		{4A08DCE0-AD5E-4143-A1C9-D12DCE7EC5BB} = {E1E3B535-07C8-4630-B5F8-9B2B88264364}
		{82596420-4844-49C9-BE58-41BD415D07AD} = {7FDD3422-7C33-42C2-A6B3-CA195328681A}
		{324BA912-3E2B-48E5-89B9-EE87768F4F11} = {82596420-4844-49C9-BE58-41BD415D07AD}
		{06855F5C-51B1-45D6-801E-F9109A6C1F58} = {82596420-4844-49C9-BE58-41BD415D07AD}
		{8924399C-3229-4CD1-8B8A-DEC4D9E77F56} = {82596420-4844-49C9-BE58-41BD415D07AD}
		{CF33F30C-00A6-46BC-B204-665143D047C5} = {7FDD3422-7C33-42C2-A6B3-CA195328681A}
		{EE0A55B5-CC23-414A-9B48-762952E0BC77} = {CF33F30C-00A6-46BC-B204-665143D047C5}
		{9445DC2C-45FB-4880-90F2-ECA729515666} = {CF33F30C-00A6-46BC-B204-665143D047C5}
		{B591FB07-62B7-48EA-AAC3-D372FA4EB175} = {CF33F30C-00A6-46BC-B204-665143D047C5}
		{6CAAEED3-EDEB-44DA-A41E-3CDD582D2124} = {7FDD3422-7C33-42C2-A6B3-CA195328681A}
		{D89041A4-7FB2-4F85-BFF5-4DB8A9973DBE} = {6CAAEED3-EDEB-44DA-A41E-3CDD582D2124}
		{078C100E-6BE2-4B83-8387-48967DAE18DF} = {6CAAEED3-EDEB-44DA-A41E-3CDD582D2124}
		{EC406091-95A2-4886-AD68-4516FBB7E497} = {6CAAEED3-EDEB-44DA-A41E-3CDD582D2124}
		{23003A44-2C2E-495A-8AA6-7E68A3730F64} = {7FDD3422-7C33-42C2-A6B3-CA195328681A}
		{005EA53D-16F6-48E9-9CDE-9BE3D1486168} = {23003A44-2C2E-495A-8AA6-7E68A3730F64}
		{9FF1C051-3BC0-4180-AD76-D9D97C933F95} = {23003A44-2C2E-495A-8AA6-7E68A3730F64}
		{4332B069-0AC5-4F85-8BA5-E8E3EBC488BA} = {23003A44-2C2E-495A-8AA6-7E68A3730F64}
		{C2E64E82-00B6-470B-835E-26AC0008D8BA} = {14DF49CB-A054-4B4F-A227-8E61E4DEB519}
		{BB1DC6CD-B5F4-446A-A481-2434FDAEAD05} = {C2E64E82-00B6-470B-835E-26AC0008D8BA}
		{256C22DE-60E2-4DC0-818E-138DCDD51C13} = {BB1DC6CD-B5F4-446A-A481-2434FDAEAD05}
		{00ADEC07-2011-4B94-A4DB-66606A338203} = {BB1DC6CD-B5F4-446A-A481-2434FDAEAD05}
		{6E4CB3C4-95BF-46B9-B79F-85C609F42FFA} = {02EA681E-C7D8-13C7-8484-4AC65E1B71E8}
		{C524AF5E-549B-43E6-84DC-6557ED91AE98} = {CB29DC03-C1AC-4377-AC51-43451BB01E97}
		{B29F6561-6274-432B-B817-9EEB0FF03172} = {7A99F4E2-0720-4105-9DFA-28D2349E91B8}
		{EAC433BD-F209-467F-A102-FE4A8909C86C} = {CB29DC03-C1AC-4377-AC51-43451BB01E97}
		{685A7E67-23FA-4C8B-B5AB-A045A14E0C4C} = {7A99F4E2-0720-4105-9DFA-28D2349E91B8}
		{712FDD8C-C02C-4F87-94E4-2061C957876B} = {FE600674-E441-4705-AB59-038E29A7A75E}
		{E35B788E-3F03-4874-99E7-136C2CFE5F8D} = {712FDD8C-C02C-4F87-94E4-2061C957876B}
		{65A95FA8-384C-4BF5-8A2A-C758569EAEB1} = {712FDD8C-C02C-4F87-94E4-2061C957876B}
		{3E56E8D2-CDD9-4F56-B4C7-DB3295215431} = {712FDD8C-C02C-4F87-94E4-2061C957876B}
		{6D1E252F-E255-4A7C-948B-4C5D0DD75B35} = {FE600674-E441-4705-AB59-038E29A7A75E}
		{C664CAD0-E6A9-40C8-A728-9373F7FD305D} = {6D1E252F-E255-4A7C-948B-4C5D0DD75B35}
		{A2AEC6DC-B2CC-4A51-9175-424B186E5526} = {6D1E252F-E255-4A7C-948B-4C5D0DD75B35}
		{3BA92512-CAF0-4F2F-BA54-7043904A2ADB} = {6D1E252F-E255-4A7C-948B-4C5D0DD75B35}
		{A949E600-B49C-458C-9F35-140FB301C339} = {7FDD3422-7C33-42C2-A6B3-CA195328681A}
		{A064C09F-4E92-4D94-8C89-2D1C1F5F5A1D} = {A949E600-B49C-458C-9F35-140FB301C339}
		{E16D06DB-5E77-444A-B102-D04701E29464} = {A949E600-B49C-458C-9F35-140FB301C339}
		{F7B7B7C3-34BE-46B8-8CBC-6C173E7009BF} = {A949E600-B49C-458C-9F35-140FB301C339}
		{45EA871C-E19F-43AD-9ECF-1BBFF4AFFAF0} = {BB1DC6CD-B5F4-446A-A481-2434FDAEAD05}
		{F05F5C7A-56AF-408B-B0DE-879871FEE195} = {C2E64E82-00B6-470B-835E-26AC0008D8BA}
		{E555C5D1-DA94-46AD-B35C-03E90821F428} = {F05F5C7A-56AF-408B-B0DE-879871FEE195}
		{FA7BDC3C-E6DE-4D16-A42F-5A972DD3A961} = {F05F5C7A-56AF-408B-B0DE-879871FEE195}
		{1FB62397-701F-4695-A358-833973C01928} = {F05F5C7A-56AF-408B-B0DE-879871FEE195}
		{B124D06C-6ABD-4A9D-A405-64564628FF57} = {FE600674-E441-4705-AB59-038E29A7A75E}
		{31689737-39E4-4EFC-A2C1-8138FC302011} = {B124D06C-6ABD-4A9D-A405-64564628FF57}
		{DF65A145-D149-476E-A31F-7BA0CD0E9573} = {B124D06C-6ABD-4A9D-A405-64564628FF57}
		{EE6C3276-D1CD-497E-B6AA-134A1D9505F3} = {B124D06C-6ABD-4A9D-A405-64564628FF57}
		{B1B1D5BE-571A-4DC8-8384-02C9F18947D3} = {02EA681E-C7D8-13C7-8484-4AC65E1B71E8}
		{50E00B96-1396-4379-A628-A9E8D3837476} = {14DF49CB-A054-4B4F-A227-8E61E4DEB519}
		{EEDCFE64-9922-4256-86C5-669FFB4F0262} = {50E00B96-1396-4379-A628-A9E8D3837476}
		{26C1E8FD-8D6E-4C13-B384-71ED0A21D56D} = {EEDCFE64-9922-4256-86C5-669FFB4F0262}
		{7198249A-D4BD-484C-83C2-100ECB3C77A7} = {EEDCFE64-9922-4256-86C5-669FFB4F0262}
		{F163F2FE-EAD8-4D0D-B774-71E2D2EA7EA3} = {7198249A-D4BD-484C-83C2-100ECB3C77A7}
		{4306CE8A-3666-4F46-BB5E-3E3B790B4813} = {7198249A-D4BD-484C-83C2-100ECB3C77A7}
		{EA40890D-6870-4E1B-8374-A4FDF3C8F916} = {7198249A-D4BD-484C-83C2-100ECB3C77A7}
		{C8767BC6-059F-48A7-AB7F-49558C0097EB} = {7198249A-D4BD-484C-83C2-100ECB3C77A7}
		{6FD6CDFA-0BD3-4A5C-9371-7658D459DF08} = {C8767BC6-059F-48A7-AB7F-49558C0097EB}
		{F5A53D5D-30F9-40B4-8BC8-6C458723AA9D} = {4306CE8A-3666-4F46-BB5E-3E3B790B4813}
		{D41ADEA8-C6B6-433A-A486-5761B1630D5F} = {C8330FA7-5039-4A21-8F94-988DB1C14083}
		{3AF06AEB-9E7F-4A6D-9704-FD723DF75447} = {D41ADEA8-C6B6-433A-A486-5761B1630D5F}
		{976A1396-5AF3-490B-AFA7-E5A3F0A36D83} = {7FDD3422-7C33-42C2-A6B3-CA195328681A}
		{01C6C27B-D448-45BD-B031-2CC409DC6BF2} = {976A1396-5AF3-490B-AFA7-E5A3F0A36D83}
		{B5707A1D-3376-4574-B8CE-AA632393C101} = {7FDD3422-7C33-42C2-A6B3-CA195328681A}
		{8F8CCFBD-1180-45D3-9496-29E17EAE7992} = {B5707A1D-3376-4574-B8CE-AA632393C101}
		{BD2266FA-C1A4-437C-84F0-C8561AF574D2} = {7FDD3422-7C33-42C2-A6B3-CA195328681A}
		{8E828EAC-27A7-4630-87B3-FFD4BE9850CB} = {BD2266FA-C1A4-437C-84F0-C8561AF574D2}
		{E9078CA9-DCB1-42B2-A2BA-136B2C9A95CC} = {7FDD3422-7C33-42C2-A6B3-CA195328681A}
		{5D516EBF-D204-4C33-A9D0-21FC1D73B64E} = {E9078CA9-DCB1-42B2-A2BA-136B2C9A95CC}
		{4F8286C1-CAEE-4C9B-B0E4-CB51A69CC8C5} = {EA40890D-6870-4E1B-8374-A4FDF3C8F916}
		{44671A81-B2B5-4C5D-9177-229F6C39844F} = {C2E64E82-00B6-470B-835E-26AC0008D8BA}
		{80EA2547-3939-445B-9FF2-8ACD103BA885} = {44671A81-B2B5-4C5D-9177-229F6C39844F}
		{2D63E378-391B-4C56-A697-7A975F2BBD29} = {C2E64E82-00B6-470B-835E-26AC0008D8BA}
		{850175EF-23C6-49C8-B2D6-4DA1618F5F9F} = {2D63E378-391B-4C56-A697-7A975F2BBD29}
		{9DA22EC8-40F0-4366-B434-F3AC4EFBB520} = {44671A81-B2B5-4C5D-9177-229F6C39844F}
		{ED75D400-C97E-4C81-9078-BE30A57FEE8A} = {44671A81-B2B5-4C5D-9177-229F6C39844F}
		{6C28DD5A-D33D-4E74-9DC5-C6A52B66AB7D} = {2D63E378-391B-4C56-A697-7A975F2BBD29}
		{04D8BB46-749E-4049-814E-96C168D35297} = {2D63E378-391B-4C56-A697-7A975F2BBD29}
		{304E4D54-8E43-4CAE-9E9C-A0A3F9F3A1E8} = {C2E64E82-00B6-470B-835E-26AC0008D8BA}
		{D1A5A320-5BE0-4C27-8E93-882358555EC1} = {304E4D54-8E43-4CAE-9E9C-A0A3F9F3A1E8}
		{5053E81E-2682-4F2A-8ADA-1467E522D645} = {304E4D54-8E43-4CAE-9E9C-A0A3F9F3A1E8}
		{20B41801-5D19-45AC-A1CE-8001B759487F} = {304E4D54-8E43-4CAE-9E9C-A0A3F9F3A1E8}
		{ADBA7477-556E-4985-A893-8E3EB98D8E63} = {C2E64E82-00B6-470B-835E-26AC0008D8BA}
		{5BE363F8-69CD-48B9-957A-8AE84DC81EAB} = {ADBA7477-556E-4985-A893-8E3EB98D8E63}
		{3586F061-E6FF-48BC-BB93-5C8EE1DE3F57} = {ADBA7477-556E-4985-A893-8E3EB98D8E63}
		{E4E858C9-A654-4503-89AD-A67191194B25} = {C2E64E82-00B6-470B-835E-26AC0008D8BA}
		{735A47AE-6339-458E-BC42-4A9E9DF22E64} = {E4E858C9-A654-4503-89AD-A67191194B25}
		{2F189A11-E664-4959-8414-6D6E229BFEA6} = {E4E858C9-A654-4503-89AD-A67191194B25}
		{1C728A9A-194B-4AA0-AAF4-EE3F34812DF8} = {C2E64E82-00B6-470B-835E-26AC0008D8BA}
		{0033ADCB-2EB3-4B85-9A46-EBEDE37FA5BC} = {1C728A9A-194B-4AA0-AAF4-EE3F34812DF8}
		{357A49E4-818E-4FBC-8A4B-C3BA29093588} = {C2E64E82-00B6-470B-835E-26AC0008D8BA}
		{689E3B85-444A-4993-A649-1164B822FBAA} = {357A49E4-818E-4FBC-8A4B-C3BA29093588}
		{21A52CBA-C8A4-495D-8EE1-C1B2D5CFF96C} = {357A49E4-818E-4FBC-8A4B-C3BA29093588}
		{F42E22A8-5EC4-4DF3-A511-3B0BAA0F6107} = {02EA681E-C7D8-13C7-8484-4AC65E1B71E8}
		{3870EE91-009C-4413-9988-E6D82E8E7107} = {14DF49CB-A054-4B4F-A227-8E61E4DEB519}
		{AD63D450-1BD9-41A9-AFC8-A96F652D0719} = {3870EE91-009C-4413-9988-E6D82E8E7107}
		{D0F0241A-0306-44AD-B59D-340D4222E36D} = {CF5DA2A3-7F11-4C7F-99D3-D2F50ECF781B}
		{CF5DA2A3-7F11-4C7F-99D3-D2F50ECF781B} = {F42E22A8-5EC4-4DF3-A511-3B0BAA0F6107}
		{FF2AA143-2387-4679-B4E3-740C97DAA7BA} = {F42E22A8-5EC4-4DF3-A511-3B0BAA0F6107}
		{98A09E6D-201C-4D17-ABF2-EAAA69879F2D} = {F42E22A8-5EC4-4DF3-A511-3B0BAA0F6107}
		{018D21B5-F6BF-4F43-9892-64B2DC19CAD0} = {F42E22A8-5EC4-4DF3-A511-3B0BAA0F6107}
		{49522A4F-A121-49BC-9053-C9F685F17532} = {CF5DA2A3-7F11-4C7F-99D3-D2F50ECF781B}
		{87AF76EC-F4B7-4632-A0FF-499D63CD0E80} = {FF2AA143-2387-4679-B4E3-740C97DAA7BA}
		{8A55A38A-F3B9-41FC-A83D-00AD37B20804} = {98A09E6D-201C-4D17-ABF2-EAAA69879F2D}
		{D2A181F7-295C-4251-8BC4-E2400AD5A318} = {018D21B5-F6BF-4F43-9892-64B2DC19CAD0}
		{CC1333F6-1866-452E-B6BD-74A5B5188B3D} = {018D21B5-F6BF-4F43-9892-64B2DC19CAD0}
		{3A6E4C14-2B80-41AE-8015-B1275DFC18C6} = {98A09E6D-201C-4D17-ABF2-EAAA69879F2D}
		{9F5ADF78-163C-4AAF-A6A0-BD138CC3B3A9} = {C2E64E82-00B6-470B-835E-26AC0008D8BA}
		{8EF311CB-FCAD-494A-9FA2-382B4FA078CE} = {9F5ADF78-163C-4AAF-A6A0-BD138CC3B3A9}
	EndGlobalSection
	GlobalSection(ExtensibilityGlobals) = postSolution
		SolutionGuid = {7A2FD29C-CE7A-4662-BDAA-FB96C6ED8FCE}
	EndGlobalSection
EndGlobal
